// !$*UTF8*$!
{
	archiveVersion = 1;
	classes = {
	};
	objectVersion = 46;
	objects = {

/* Begin PBXBuildFile section */
		460700501E6DBDDC003FCEE3 /* RemoteSensingDataBuffer.swift in Sources */ = {isa = PBXBuildFile; fileRef = 4607004F1E6DBDDC003FCEE3 /* RemoteSensingDataBuffer.swift */; };
		46393B461E69C2CE00DB8C50 /* SensingSessionManager.swift in Sources */ = {isa = PBXBuildFile; fileRef = 46393B451E69C2CE00DB8C50 /* SensingSessionManager.swift */; };
		46393B481E69C53400DB8C50 /* SessionManager.swift in Sources */ = {isa = PBXBuildFile; fileRef = 46393B471E69C53400DB8C50 /* SessionManager.swift */; };
		46393B4A1E69C5A600DB8C50 /* RemoteSensingSession.swift in Sources */ = {isa = PBXBuildFile; fileRef = 46393B491E69C5A600DB8C50 /* RemoteSensingSession.swift */; };
		46393B4C1E69D7D600DB8C50 /* RemoteSensingSessionEvents.swift in Sources */ = {isa = PBXBuildFile; fileRef = 46393B4B1E69D7D600DB8C50 /* RemoteSensingSessionEvents.swift */; };
		46393B501E69FB4100DB8C50 /* SensingSessionEvents.swift in Sources */ = {isa = PBXBuildFile; fileRef = 46393B4F1E69FB4100DB8C50 /* SensingSessionEvents.swift */; };
		46393B521E69FB6D00DB8C50 /* SensingSession.swift in Sources */ = {isa = PBXBuildFile; fileRef = 46393B511E69FB6D00DB8C50 /* SensingSession.swift */; };
		4641FEC11EB0E68100396B6D /* MessageEventHandling.swift in Sources */ = {isa = PBXBuildFile; fileRef = 4641FEBC1EB0E68100396B6D /* MessageEventHandling.swift */; };
		4641FEC21EB0E68100396B6D /* Messages.swift in Sources */ = {isa = PBXBuildFile; fileRef = 4641FEBD1EB0E68100396B6D /* Messages.swift */; };
		4641FEC31EB0E68100396B6D /* SensorSettingsExtensions.swift in Sources */ = {isa = PBXBuildFile; fileRef = 4641FEBE1EB0E68100396B6D /* SensorSettingsExtensions.swift */; };
		4641FEC41EB0E68100396B6D /* WatchConnectivityManager.swift in Sources */ = {isa = PBXBuildFile; fileRef = 4641FEBF1EB0E68100396B6D /* WatchConnectivityManager.swift */; };
		4641FEC51EB0E68100396B6D /* DataTransmissionMode.swift in Sources */ = {isa = PBXBuildFile; fileRef = 4641FEC01EB0E68100396B6D /* DataTransmissionMode.swift */; };
		4641FEED1EB0E83700396B6D /* AWSSensorManager.swift in Sources */ = {isa = PBXBuildFile; fileRef = 4641FEEA1EB0E83700396B6D /* AWSSensorManager.swift */; };
		4641FEF41EB0E84A00396B6D /* AWSAccelerometerSensor.swift in Sources */ = {isa = PBXBuildFile; fileRef = 4641FEF01EB0E84A00396B6D /* AWSAccelerometerSensor.swift */; };
		4641FEF51EB0E84A00396B6D /* AWSDeviceMotionSensor.swift in Sources */ = {isa = PBXBuildFile; fileRef = 4641FEF11EB0E84A00396B6D /* AWSDeviceMotionSensor.swift */; };
		4641FEF61EB0E84A00396B6D /* AWSHeartRateSensor.swift in Sources */ = {isa = PBXBuildFile; fileRef = 4641FEF21EB0E84A00396B6D /* AWSHeartRateSensor.swift */; };
		4641FEF71EB0E84A00396B6D /* AWSSensor.swift in Sources */ = {isa = PBXBuildFile; fileRef = 4641FEF31EB0E84A00396B6D /* AWSSensor.swift */; };
		4641FEFC1EB0E89900396B6D /* HeartRateSensorSettings.swift in Sources */ = {isa = PBXBuildFile; fileRef = 4641FEF81EB0E89900396B6D /* HeartRateSensorSettings.swift */; };
		4641FEFD1EB0E89900396B6D /* SensorSettings.swift in Sources */ = {isa = PBXBuildFile; fileRef = 4641FEF91EB0E89900396B6D /* SensorSettings.swift */; };
		4641FEFE1EB0E89A00396B6D /* AccelerometerSensorSettings.swift in Sources */ = {isa = PBXBuildFile; fileRef = 4641FEFA1EB0E89900396B6D /* AccelerometerSensorSettings.swift */; };
		4641FEFF1EB0E89A00396B6D /* DeviceMotionSensorSettings.swift in Sources */ = {isa = PBXBuildFile; fileRef = 4641FEFB1EB0E89900396B6D /* DeviceMotionSensorSettings.swift */; };
		4641FF071EB0E8C500396B6D /* SensingConfiguration.swift in Sources */ = {isa = PBXBuildFile; fileRef = 4641FF001EB0E8C500396B6D /* SensingConfiguration.swift */; };
		4641FF091EB0E8C600396B6D /* AWSSensorTypes.swift in Sources */ = {isa = PBXBuildFile; fileRef = 4641FF021EB0E8C500396B6D /* AWSSensorTypes.swift */; };
		4641FF0D1EB0E8C600396B6D /* SensorExtensions.swift in Sources */ = {isa = PBXBuildFile; fileRef = 4641FF061EB0E8C500396B6D /* SensorExtensions.swift */; };
		4641FF141EB0E8DB00396B6D /* AWSDeviceMotionSensorData.swift in Sources */ = {isa = PBXBuildFile; fileRef = 4641FF0F1EB0E8DB00396B6D /* AWSDeviceMotionSensorData.swift */; };
		4641FF151EB0E8DB00396B6D /* AWSHeartRateSensorData.swift in Sources */ = {isa = PBXBuildFile; fileRef = 4641FF101EB0E8DB00396B6D /* AWSHeartRateSensorData.swift */; };
		4641FF161EB0E8DB00396B6D /* AWSRawAccelerometerSensorData.swift in Sources */ = {isa = PBXBuildFile; fileRef = 4641FF111EB0E8DB00396B6D /* AWSRawAccelerometerSensorData.swift */; };
		4641FF171EB0E8DB00396B6D /* AWSSensorDataProtocol.swift in Sources */ = {isa = PBXBuildFile; fileRef = 4641FF121EB0E8DB00396B6D /* AWSSensorDataProtocol.swift */; };
		4641FF181EB0E8DB00396B6D /* AWSTimestamp.swift in Sources */ = {isa = PBXBuildFile; fileRef = 4641FF131EB0E8DB00396B6D /* AWSTimestamp.swift */; };
		4641FF261EB0E9F000396B6D /* HeartRateSensorSettings.swift in Sources */ = {isa = PBXBuildFile; fileRef = 4641FEF81EB0E89900396B6D /* HeartRateSensorSettings.swift */; };
		4641FF271EB0E9F000396B6D /* SensorSettings.swift in Sources */ = {isa = PBXBuildFile; fileRef = 4641FEF91EB0E89900396B6D /* SensorSettings.swift */; };
		4641FF281EB0E9F000396B6D /* AccelerometerSensorSettings.swift in Sources */ = {isa = PBXBuildFile; fileRef = 4641FEFA1EB0E89900396B6D /* AccelerometerSensorSettings.swift */; };
		4641FF291EB0E9F000396B6D /* DeviceMotionSensorSettings.swift in Sources */ = {isa = PBXBuildFile; fileRef = 4641FEFB1EB0E89900396B6D /* DeviceMotionSensorSettings.swift */; };
		4641FF2A1EB0E9F000396B6D /* HeartRateSensorSettings.swift in Sources */ = {isa = PBXBuildFile; fileRef = 4641FEF81EB0E89900396B6D /* HeartRateSensorSettings.swift */; };
		4641FF2B1EB0E9F000396B6D /* SensorSettings.swift in Sources */ = {isa = PBXBuildFile; fileRef = 4641FEF91EB0E89900396B6D /* SensorSettings.swift */; };
		4641FF2C1EB0E9F000396B6D /* AccelerometerSensorSettings.swift in Sources */ = {isa = PBXBuildFile; fileRef = 4641FEFA1EB0E89900396B6D /* AccelerometerSensorSettings.swift */; };
		4641FF2D1EB0E9F000396B6D /* DeviceMotionSensorSettings.swift in Sources */ = {isa = PBXBuildFile; fileRef = 4641FEFB1EB0E89900396B6D /* DeviceMotionSensorSettings.swift */; };
		4641FF2E1EB0E9F600396B6D /* AWSDeviceMotionSensorData.swift in Sources */ = {isa = PBXBuildFile; fileRef = 4641FF0F1EB0E8DB00396B6D /* AWSDeviceMotionSensorData.swift */; };
		4641FF2F1EB0E9F600396B6D /* AWSHeartRateSensorData.swift in Sources */ = {isa = PBXBuildFile; fileRef = 4641FF101EB0E8DB00396B6D /* AWSHeartRateSensorData.swift */; };
		4641FF301EB0E9F600396B6D /* AWSRawAccelerometerSensorData.swift in Sources */ = {isa = PBXBuildFile; fileRef = 4641FF111EB0E8DB00396B6D /* AWSRawAccelerometerSensorData.swift */; };
		4641FF311EB0E9F600396B6D /* AWSSensorDataProtocol.swift in Sources */ = {isa = PBXBuildFile; fileRef = 4641FF121EB0E8DB00396B6D /* AWSSensorDataProtocol.swift */; };
		4641FF321EB0E9F600396B6D /* AWSTimestamp.swift in Sources */ = {isa = PBXBuildFile; fileRef = 4641FF131EB0E8DB00396B6D /* AWSTimestamp.swift */; };
		4641FF331EB0E9F600396B6D /* AWSDeviceMotionSensorData.swift in Sources */ = {isa = PBXBuildFile; fileRef = 4641FF0F1EB0E8DB00396B6D /* AWSDeviceMotionSensorData.swift */; };
		4641FF341EB0E9F600396B6D /* AWSHeartRateSensorData.swift in Sources */ = {isa = PBXBuildFile; fileRef = 4641FF101EB0E8DB00396B6D /* AWSHeartRateSensorData.swift */; };
		4641FF351EB0E9F600396B6D /* AWSRawAccelerometerSensorData.swift in Sources */ = {isa = PBXBuildFile; fileRef = 4641FF111EB0E8DB00396B6D /* AWSRawAccelerometerSensorData.swift */; };
		4641FF361EB0E9F600396B6D /* AWSSensorDataProtocol.swift in Sources */ = {isa = PBXBuildFile; fileRef = 4641FF121EB0E8DB00396B6D /* AWSSensorDataProtocol.swift */; };
		4641FF371EB0E9F600396B6D /* AWSTimestamp.swift in Sources */ = {isa = PBXBuildFile; fileRef = 4641FF131EB0E8DB00396B6D /* AWSTimestamp.swift */; };
		4641FF381EB0E9FC00396B6D /* SensingConfiguration.swift in Sources */ = {isa = PBXBuildFile; fileRef = 4641FF001EB0E8C500396B6D /* SensingConfiguration.swift */; };
		4641FF3A1EB0E9FC00396B6D /* SensorExtensions.swift in Sources */ = {isa = PBXBuildFile; fileRef = 4641FF061EB0E8C500396B6D /* SensorExtensions.swift */; };
		4641FF3B1EB0E9FD00396B6D /* SensingConfiguration.swift in Sources */ = {isa = PBXBuildFile; fileRef = 4641FF001EB0E8C500396B6D /* SensingConfiguration.swift */; };
		4641FF3D1EB0E9FD00396B6D /* SensorExtensions.swift in Sources */ = {isa = PBXBuildFile; fileRef = 4641FF061EB0E8C500396B6D /* SensorExtensions.swift */; };
		4641FF3E1EB0EA0200396B6D /* AWSSensorTypes.swift in Sources */ = {isa = PBXBuildFile; fileRef = 4641FF021EB0E8C500396B6D /* AWSSensorTypes.swift */; };
		4641FF3F1EB0EA0200396B6D /* AWSSensorTypes.swift in Sources */ = {isa = PBXBuildFile; fileRef = 4641FF021EB0E8C500396B6D /* AWSSensorTypes.swift */; };
		4641FF411EB0EA3000396B6D /* AWSSensorManager.swift in Sources */ = {isa = PBXBuildFile; fileRef = 4641FEEA1EB0E83700396B6D /* AWSSensorManager.swift */; };
		4641FF431EB0EA4200396B6D /* AWSenseWatch.h in Headers */ = {isa = PBXBuildFile; fileRef = 4641FEEC1EB0E83700396B6D /* AWSenseWatch.h */; };
		4641FF441EB0EA4700396B6D /* AWSAccelerometerSensor.swift in Sources */ = {isa = PBXBuildFile; fileRef = 4641FEF01EB0E84A00396B6D /* AWSAccelerometerSensor.swift */; };
		4641FF451EB0EA4700396B6D /* AWSDeviceMotionSensor.swift in Sources */ = {isa = PBXBuildFile; fileRef = 4641FEF11EB0E84A00396B6D /* AWSDeviceMotionSensor.swift */; };
		4641FF461EB0EA4700396B6D /* AWSHeartRateSensor.swift in Sources */ = {isa = PBXBuildFile; fileRef = 4641FEF21EB0E84A00396B6D /* AWSHeartRateSensor.swift */; };
		4641FF471EB0EA4700396B6D /* AWSSensor.swift in Sources */ = {isa = PBXBuildFile; fileRef = 4641FEF31EB0E84A00396B6D /* AWSSensor.swift */; };
		4641FF4C1EB0EBF100396B6D /* MessageEventHandling.swift in Sources */ = {isa = PBXBuildFile; fileRef = 4641FEBC1EB0E68100396B6D /* MessageEventHandling.swift */; };
		4641FF4D1EB0EBF100396B6D /* Messages.swift in Sources */ = {isa = PBXBuildFile; fileRef = 4641FEBD1EB0E68100396B6D /* Messages.swift */; };
		4641FF4E1EB0EBF100396B6D /* SensorSettingsExtensions.swift in Sources */ = {isa = PBXBuildFile; fileRef = 4641FEBE1EB0E68100396B6D /* SensorSettingsExtensions.swift */; };
		4641FF4F1EB0EBF100396B6D /* WatchConnectivityManager.swift in Sources */ = {isa = PBXBuildFile; fileRef = 4641FEBF1EB0E68100396B6D /* WatchConnectivityManager.swift */; };
		4641FF501EB0EBF100396B6D /* DataTransmissionMode.swift in Sources */ = {isa = PBXBuildFile; fileRef = 4641FEC01EB0E68100396B6D /* DataTransmissionMode.swift */; };
		46569ABB1E5DB2ED00F6C02D /* AWSenseConnectWatch.h in Headers */ = {isa = PBXBuildFile; fileRef = 46569AB91E5DB2ED00F6C02D /* AWSenseConnectWatch.h */; settings = {ATTRIBUTES = (Public, ); }; };
		46569ACA1E5DB39000F6C02D /* AWSenseConnectPhone.h in Headers */ = {isa = PBXBuildFile; fileRef = 46569AC81E5DB39000F6C02D /* AWSenseConnectPhone.h */; settings = {ATTRIBUTES = (Public, ); }; };
		46A2B0DE1EB0F3880040A84D /* SensorEvent.swift in Sources */ = {isa = PBXBuildFile; fileRef = 46A2B0DD1EB0F3880040A84D /* SensorEvent.swift */; };
		46A2B0DF1EB0F56E0040A84D /* SensorEvent.swift in Sources */ = {isa = PBXBuildFile; fileRef = 46A2B0DD1EB0F3880040A84D /* SensorEvent.swift */; };
		46A2B0E71EB102B20040A84D /* AWSessionStateChangedEvent.swift in Sources */ = {isa = PBXBuildFile; fileRef = 46A2B0E61EB102B20040A84D /* AWSessionStateChangedEvent.swift */; };
		46E108A31EAE2D5E00E45736 /* AWCExtensionDelegate.swift in Sources */ = {isa = PBXBuildFile; fileRef = 46E108A21EAE2D5E00E45736 /* AWCExtensionDelegate.swift */; };
		4F5F8CB11E6C31B700CF51FE /* SensingDataBuffer.swift in Sources */ = {isa = PBXBuildFile; fileRef = 4F5F8CB01E6C31B700CF51FE /* SensingDataBuffer.swift */; };
		4F5F8CB31E6C3AFB00CF51FE /* SensingDataManager.swift in Sources */ = {isa = PBXBuildFile; fileRef = 4F5F8CB21E6C3AFB00CF51FE /* SensingDataManager.swift */; };
/* End PBXBuildFile section */

/* Begin PBXFileReference section */
		4607004F1E6DBDDC003FCEE3 /* RemoteSensingDataBuffer.swift */ = {isa = PBXFileReference; fileEncoding = 4; lastKnownFileType = sourcecode.swift; path = RemoteSensingDataBuffer.swift; sourceTree = "<group>"; };
		46393B451E69C2CE00DB8C50 /* SensingSessionManager.swift */ = {isa = PBXFileReference; fileEncoding = 4; lastKnownFileType = sourcecode.swift; path = SensingSessionManager.swift; sourceTree = "<group>"; };
		46393B471E69C53400DB8C50 /* SessionManager.swift */ = {isa = PBXFileReference; fileEncoding = 4; lastKnownFileType = sourcecode.swift; path = SessionManager.swift; sourceTree = "<group>"; };
		46393B491E69C5A600DB8C50 /* RemoteSensingSession.swift */ = {isa = PBXFileReference; fileEncoding = 4; lastKnownFileType = sourcecode.swift; path = RemoteSensingSession.swift; sourceTree = "<group>"; };
		46393B4B1E69D7D600DB8C50 /* RemoteSensingSessionEvents.swift */ = {isa = PBXFileReference; fileEncoding = 4; lastKnownFileType = sourcecode.swift; path = RemoteSensingSessionEvents.swift; sourceTree = "<group>"; };
		46393B4F1E69FB4100DB8C50 /* SensingSessionEvents.swift */ = {isa = PBXFileReference; fileEncoding = 4; lastKnownFileType = sourcecode.swift; path = SensingSessionEvents.swift; sourceTree = "<group>"; };
		46393B511E69FB6D00DB8C50 /* SensingSession.swift */ = {isa = PBXFileReference; fileEncoding = 4; lastKnownFileType = sourcecode.swift; path = SensingSession.swift; sourceTree = "<group>"; };
		4641FEBC1EB0E68100396B6D /* MessageEventHandling.swift */ = {isa = PBXFileReference; fileEncoding = 4; lastKnownFileType = sourcecode.swift; name = MessageEventHandling.swift; path = AWSenseConnectShared/MessageEventHandling.swift; sourceTree = "<group>"; };
		4641FEBD1EB0E68100396B6D /* Messages.swift */ = {isa = PBXFileReference; fileEncoding = 4; lastKnownFileType = sourcecode.swift; name = Messages.swift; path = AWSenseConnectShared/Messages.swift; sourceTree = "<group>"; };
		4641FEBE1EB0E68100396B6D /* SensorSettingsExtensions.swift */ = {isa = PBXFileReference; fileEncoding = 4; lastKnownFileType = sourcecode.swift; name = SensorSettingsExtensions.swift; path = AWSenseConnectShared/SensorSettingsExtensions.swift; sourceTree = "<group>"; };
		4641FEBF1EB0E68100396B6D /* WatchConnectivityManager.swift */ = {isa = PBXFileReference; fileEncoding = 4; lastKnownFileType = sourcecode.swift; name = WatchConnectivityManager.swift; path = AWSenseConnectShared/WatchConnectivityManager.swift; sourceTree = "<group>"; };
		4641FEC01EB0E68100396B6D /* DataTransmissionMode.swift */ = {isa = PBXFileReference; fileEncoding = 4; lastKnownFileType = sourcecode.swift; name = DataTransmissionMode.swift; path = AWSenseConnectShared/DataTransmissionMode.swift; sourceTree = "<group>"; };
		4641FEEA1EB0E83700396B6D /* AWSSensorManager.swift */ = {isa = PBXFileReference; fileEncoding = 4; lastKnownFileType = sourcecode.swift; name = AWSSensorManager.swift; path = AWSenseWatch/AWSSensorManager.swift; sourceTree = SOURCE_ROOT; };
		4641FEEB1EB0E83700396B6D /* Info.plist */ = {isa = PBXFileReference; fileEncoding = 4; lastKnownFileType = text.plist.xml; name = Info.plist; path = AWSenseWatch/Info.plist; sourceTree = SOURCE_ROOT; };
		4641FEEC1EB0E83700396B6D /* AWSenseWatch.h */ = {isa = PBXFileReference; fileEncoding = 4; lastKnownFileType = sourcecode.c.h; name = AWSenseWatch.h; path = AWSenseWatch/AWSenseWatch.h; sourceTree = SOURCE_ROOT; };
		4641FEF01EB0E84A00396B6D /* AWSAccelerometerSensor.swift */ = {isa = PBXFileReference; fileEncoding = 4; lastKnownFileType = sourcecode.swift; name = AWSAccelerometerSensor.swift; path = AWSenseWatch/Sensors/AWSAccelerometerSensor.swift; sourceTree = SOURCE_ROOT; };
		4641FEF11EB0E84A00396B6D /* AWSDeviceMotionSensor.swift */ = {isa = PBXFileReference; fileEncoding = 4; lastKnownFileType = sourcecode.swift; name = AWSDeviceMotionSensor.swift; path = AWSenseWatch/Sensors/AWSDeviceMotionSensor.swift; sourceTree = SOURCE_ROOT; };
		4641FEF21EB0E84A00396B6D /* AWSHeartRateSensor.swift */ = {isa = PBXFileReference; fileEncoding = 4; lastKnownFileType = sourcecode.swift; name = AWSHeartRateSensor.swift; path = AWSenseWatch/Sensors/AWSHeartRateSensor.swift; sourceTree = SOURCE_ROOT; };
		4641FEF31EB0E84A00396B6D /* AWSSensor.swift */ = {isa = PBXFileReference; fileEncoding = 4; lastKnownFileType = sourcecode.swift; name = AWSSensor.swift; path = AWSenseWatch/Sensors/AWSSensor.swift; sourceTree = SOURCE_ROOT; };
		4641FEF81EB0E89900396B6D /* HeartRateSensorSettings.swift */ = {isa = PBXFileReference; fileEncoding = 4; lastKnownFileType = sourcecode.swift; name = HeartRateSensorSettings.swift; path = AWSenseShared/SensorSettings/HeartRateSensorSettings.swift; sourceTree = SOURCE_ROOT; };
		4641FEF91EB0E89900396B6D /* SensorSettings.swift */ = {isa = PBXFileReference; fileEncoding = 4; lastKnownFileType = sourcecode.swift; name = SensorSettings.swift; path = AWSenseShared/SensorSettings/SensorSettings.swift; sourceTree = SOURCE_ROOT; };
		4641FEFA1EB0E89900396B6D /* AccelerometerSensorSettings.swift */ = {isa = PBXFileReference; fileEncoding = 4; lastKnownFileType = sourcecode.swift; name = AccelerometerSensorSettings.swift; path = AWSenseShared/SensorSettings/AccelerometerSensorSettings.swift; sourceTree = SOURCE_ROOT; };
		4641FEFB1EB0E89900396B6D /* DeviceMotionSensorSettings.swift */ = {isa = PBXFileReference; fileEncoding = 4; lastKnownFileType = sourcecode.swift; name = DeviceMotionSensorSettings.swift; path = AWSenseShared/SensorSettings/DeviceMotionSensorSettings.swift; sourceTree = SOURCE_ROOT; };
		4641FF001EB0E8C500396B6D /* SensingConfiguration.swift */ = {isa = PBXFileReference; fileEncoding = 4; lastKnownFileType = sourcecode.swift; name = SensingConfiguration.swift; path = AWSenseShared/SensingConfiguration.swift; sourceTree = SOURCE_ROOT; };
		4641FF021EB0E8C500396B6D /* AWSSensorTypes.swift */ = {isa = PBXFileReference; fileEncoding = 4; lastKnownFileType = sourcecode.swift; name = AWSSensorTypes.swift; path = AWSenseShared/AWSSensorTypes.swift; sourceTree = SOURCE_ROOT; };
		4641FF061EB0E8C500396B6D /* SensorExtensions.swift */ = {isa = PBXFileReference; fileEncoding = 4; lastKnownFileType = sourcecode.swift; name = SensorExtensions.swift; path = AWSenseShared/SensorExtensions.swift; sourceTree = SOURCE_ROOT; };
		4641FF0F1EB0E8DB00396B6D /* AWSDeviceMotionSensorData.swift */ = {isa = PBXFileReference; fileEncoding = 4; lastKnownFileType = sourcecode.swift; name = AWSDeviceMotionSensorData.swift; path = AWSenseShared/SensorData/AWSDeviceMotionSensorData.swift; sourceTree = SOURCE_ROOT; };
		4641FF101EB0E8DB00396B6D /* AWSHeartRateSensorData.swift */ = {isa = PBXFileReference; fileEncoding = 4; lastKnownFileType = sourcecode.swift; name = AWSHeartRateSensorData.swift; path = AWSenseShared/SensorData/AWSHeartRateSensorData.swift; sourceTree = SOURCE_ROOT; };
		4641FF111EB0E8DB00396B6D /* AWSRawAccelerometerSensorData.swift */ = {isa = PBXFileReference; fileEncoding = 4; lastKnownFileType = sourcecode.swift; name = AWSRawAccelerometerSensorData.swift; path = AWSenseShared/SensorData/AWSRawAccelerometerSensorData.swift; sourceTree = SOURCE_ROOT; };
		4641FF121EB0E8DB00396B6D /* AWSSensorDataProtocol.swift */ = {isa = PBXFileReference; fileEncoding = 4; lastKnownFileType = sourcecode.swift; name = AWSSensorDataProtocol.swift; path = AWSenseShared/SensorData/AWSSensorDataProtocol.swift; sourceTree = SOURCE_ROOT; };
		4641FF131EB0E8DB00396B6D /* AWSTimestamp.swift */ = {isa = PBXFileReference; fileEncoding = 4; lastKnownFileType = sourcecode.swift; name = AWSTimestamp.swift; path = AWSenseShared/SensorData/AWSTimestamp.swift; sourceTree = SOURCE_ROOT; };
		4641FF1E1EB0E9D300396B6D /* AWSense.framework */ = {isa = PBXFileReference; explicitFileType = wrapper.framework; includeInIndex = 0; path = AWSense.framework; sourceTree = BUILT_PRODUCTS_DIR; };
		46569AB61E5DB2ED00F6C02D /* AWSenseConnectWatch.framework */ = {isa = PBXFileReference; explicitFileType = wrapper.framework; includeInIndex = 0; path = AWSenseConnectWatch.framework; sourceTree = BUILT_PRODUCTS_DIR; };
		46569AB91E5DB2ED00F6C02D /* AWSenseConnectWatch.h */ = {isa = PBXFileReference; lastKnownFileType = sourcecode.c.h; path = AWSenseConnectWatch.h; sourceTree = "<group>"; };
		46569ABA1E5DB2ED00F6C02D /* Info.plist */ = {isa = PBXFileReference; lastKnownFileType = text.plist.xml; path = Info.plist; sourceTree = "<group>"; };
		46569AC61E5DB39000F6C02D /* AWSenseConnectPhone.framework */ = {isa = PBXFileReference; explicitFileType = wrapper.framework; includeInIndex = 0; path = AWSenseConnectPhone.framework; sourceTree = BUILT_PRODUCTS_DIR; };
		46569AC81E5DB39000F6C02D /* AWSenseConnectPhone.h */ = {isa = PBXFileReference; lastKnownFileType = sourcecode.c.h; path = AWSenseConnectPhone.h; sourceTree = "<group>"; };
		46569AC91E5DB39000F6C02D /* Info.plist */ = {isa = PBXFileReference; lastKnownFileType = text.plist.xml; path = Info.plist; sourceTree = "<group>"; };
		46A2B0DD1EB0F3880040A84D /* SensorEvent.swift */ = {isa = PBXFileReference; fileEncoding = 4; lastKnownFileType = sourcecode.swift; name = SensorEvent.swift; path = AWSenseWatch/Helpers/SensorEvent.swift; sourceTree = SOURCE_ROOT; };
		46A2B0E61EB102B20040A84D /* AWSessionStateChangedEvent.swift */ = {isa = PBXFileReference; fileEncoding = 4; lastKnownFileType = sourcecode.swift; name = AWSessionStateChangedEvent.swift; path = AWSenseConnectPhone/AWSessionStateChangedEvent.swift; sourceTree = "<group>"; };
		46E108A21EAE2D5E00E45736 /* AWCExtensionDelegate.swift */ = {isa = PBXFileReference; fileEncoding = 4; lastKnownFileType = sourcecode.swift; path = AWCExtensionDelegate.swift; sourceTree = "<group>"; };
		4F5F8CB01E6C31B700CF51FE /* SensingDataBuffer.swift */ = {isa = PBXFileReference; fileEncoding = 4; lastKnownFileType = sourcecode.swift; path = SensingDataBuffer.swift; sourceTree = "<group>"; };
		4F5F8CB21E6C3AFB00CF51FE /* SensingDataManager.swift */ = {isa = PBXFileReference; fileEncoding = 4; lastKnownFileType = sourcecode.swift; path = SensingDataManager.swift; sourceTree = "<group>"; };
/* End PBXFileReference section */

/* Begin PBXFrameworksBuildPhase section */
		4641FF1A1EB0E9D300396B6D /* Frameworks */ = {
			isa = PBXFrameworksBuildPhase;
			buildActionMask = 2147483647;
			files = (
			);
			runOnlyForDeploymentPostprocessing = 0;
		};
		46569AB21E5DB2ED00F6C02D /* Frameworks */ = {
			isa = PBXFrameworksBuildPhase;
			buildActionMask = 2147483647;
			files = (
			);
			runOnlyForDeploymentPostprocessing = 0;
		};
		46569AC21E5DB39000F6C02D /* Frameworks */ = {
			isa = PBXFrameworksBuildPhase;
			buildActionMask = 2147483647;
			files = (
			);
			runOnlyForDeploymentPostprocessing = 0;
		};
/* End PBXFrameworksBuildPhase section */

/* Begin PBXGroup section */
		4641FEC71EB0E72C00396B6D /* Helper */ = {
			isa = PBXGroup;
			children = (
				46A2B0DD1EB0F3880040A84D /* SensorEvent.swift */,
			);
			name = Helper;
			sourceTree = "<group>";
		};
		4641FECF1EB0E72C00396B6D /* Sensors */ = {
			isa = PBXGroup;
			children = (
				4641FEF01EB0E84A00396B6D /* AWSAccelerometerSensor.swift */,
				4641FEF11EB0E84A00396B6D /* AWSDeviceMotionSensor.swift */,
				4641FEF21EB0E84A00396B6D /* AWSHeartRateSensor.swift */,
				4641FEF31EB0E84A00396B6D /* AWSSensor.swift */,
			);
			name = Sensors;
			sourceTree = "<group>";
		};
		4641FED01EB0E72C00396B6D /* AWSenseWatch */ = {
			isa = PBXGroup;
			children = (
				4641FEC71EB0E72C00396B6D /* Helper */,
				4641FEEA1EB0E83700396B6D /* AWSSensorManager.swift */,
				4641FEEB1EB0E83700396B6D /* Info.plist */,
				4641FEEC1EB0E83700396B6D /* AWSenseWatch.h */,
				4641FECF1EB0E72C00396B6D /* Sensors */,
			);
			name = AWSenseWatch;
			path = ../AWSenseWatch/AWSenseWatch;
			sourceTree = "<group>";
		};
		4641FEDD1EB0E75C00396B6D /* Sensor Settings */ = {
			isa = PBXGroup;
			children = (
				4641FEF81EB0E89900396B6D /* HeartRateSensorSettings.swift */,
				4641FEF91EB0E89900396B6D /* SensorSettings.swift */,
				4641FEFA1EB0E89900396B6D /* AccelerometerSensorSettings.swift */,
				4641FEFB1EB0E89900396B6D /* DeviceMotionSensorSettings.swift */,
			);
			name = "Sensor Settings";
			path = ../AWSenseWatch/AWSenseShared_iOS;
			sourceTree = "<group>";
		};
		4641FEE91EB0E75C00396B6D /* AWSenseShared */ = {
			isa = PBXGroup;
			children = (
				4641FEDD1EB0E75C00396B6D /* Sensor Settings */,
				4641FF0E1EB0E8CC00396B6D /* SensingData */,
				4641FF001EB0E8C500396B6D /* SensingConfiguration.swift */,
				4641FF061EB0E8C500396B6D /* SensorExtensions.swift */,
				4641FF021EB0E8C500396B6D /* AWSSensorTypes.swift */,
			);
			name = AWSenseShared;
			path = ../AWSenseWatch/AWSenseShared_iOS;
			sourceTree = "<group>";
		};
		4641FF0E1EB0E8CC00396B6D /* SensingData */ = {
			isa = PBXGroup;
			children = (
				4641FF0F1EB0E8DB00396B6D /* AWSDeviceMotionSensorData.swift */,
				4641FF101EB0E8DB00396B6D /* AWSHeartRateSensorData.swift */,
				4641FF111EB0E8DB00396B6D /* AWSRawAccelerometerSensorData.swift */,
				4641FF121EB0E8DB00396B6D /* AWSSensorDataProtocol.swift */,
				4641FF131EB0E8DB00396B6D /* AWSTimestamp.swift */,
			);
			name = SensingData;
			sourceTree = "<group>";
		};
		46569AAC1E5DB2ED00F6C02D = {
			isa = PBXGroup;
			children = (
				4641FED01EB0E72C00396B6D /* AWSenseWatch */,
				4641FEE91EB0E75C00396B6D /* AWSenseShared */,
				46F4CC931E5DE5550054A2A3 /* AWSenseConnectShared */,
				46569AB81E5DB2ED00F6C02D /* AWSenseConnectWatch */,
				46569AC71E5DB39000F6C02D /* AWSenseConnectPhone */,
				46569AB71E5DB2ED00F6C02D /* Products */,
				46569B4A1E5DC96600F6C02D /* Frameworks */,
			);
			sourceTree = "<group>";
		};
		46569AB71E5DB2ED00F6C02D /* Products */ = {
			isa = PBXGroup;
			children = (
				46569AB61E5DB2ED00F6C02D /* AWSenseConnectWatch.framework */,
				46569AC61E5DB39000F6C02D /* AWSenseConnectPhone.framework */,
				4641FF1E1EB0E9D300396B6D /* AWSense.framework */,
			);
			name = Products;
			sourceTree = "<group>";
		};
		46569AB81E5DB2ED00F6C02D /* AWSenseConnectWatch */ = {
			isa = PBXGroup;
			children = (
				46569AB91E5DB2ED00F6C02D /* AWSenseConnectWatch.h */,
				46569ABA1E5DB2ED00F6C02D /* Info.plist */,
				46393B451E69C2CE00DB8C50 /* SensingSessionManager.swift */,
				46393B4F1E69FB4100DB8C50 /* SensingSessionEvents.swift */,
				46393B511E69FB6D00DB8C50 /* SensingSession.swift */,
				4F5F8CB01E6C31B700CF51FE /* SensingDataBuffer.swift */,
				4F5F8CB21E6C3AFB00CF51FE /* SensingDataManager.swift */,
				46E108A21EAE2D5E00E45736 /* AWCExtensionDelegate.swift */,
			);
			path = AWSenseConnectWatch;
			sourceTree = "<group>";
		};
		46569AC71E5DB39000F6C02D /* AWSenseConnectPhone */ = {
			isa = PBXGroup;
			children = (
				46569AC81E5DB39000F6C02D /* AWSenseConnectPhone.h */,
				46569AC91E5DB39000F6C02D /* Info.plist */,
				46393B471E69C53400DB8C50 /* SessionManager.swift */,
				46393B491E69C5A600DB8C50 /* RemoteSensingSession.swift */,
				46393B4B1E69D7D600DB8C50 /* RemoteSensingSessionEvents.swift */,
				4607004F1E6DBDDC003FCEE3 /* RemoteSensingDataBuffer.swift */,
			);
			path = AWSenseConnectPhone;
			sourceTree = "<group>";
		};
		46569B4A1E5DC96600F6C02D /* Frameworks */ = {
			isa = PBXGroup;
			children = (
			);
			name = Frameworks;
			sourceTree = "<group>";
		};
		46F4CC931E5DE5550054A2A3 /* AWSenseConnectShared */ = {
			isa = PBXGroup;
			children = (
				4641FEBC1EB0E68100396B6D /* MessageEventHandling.swift */,
				4641FEBD1EB0E68100396B6D /* Messages.swift */,
				4641FEBE1EB0E68100396B6D /* SensorSettingsExtensions.swift */,
				4641FEBF1EB0E68100396B6D /* WatchConnectivityManager.swift */,
				4641FEC01EB0E68100396B6D /* DataTransmissionMode.swift */,
				46A2B0E61EB102B20040A84D /* AWSessionStateChangedEvent.swift */,
			);
			name = AWSenseConnectShared;
			sourceTree = "<group>";
		};
/* End PBXGroup section */

/* Begin PBXHeadersBuildPhase section */
		4641FF1B1EB0E9D300396B6D /* Headers */ = {
			isa = PBXHeadersBuildPhase;
			buildActionMask = 2147483647;
			files = (
				4641FF431EB0EA4200396B6D /* AWSenseWatch.h in Headers */,
			);
			runOnlyForDeploymentPostprocessing = 0;
		};
		46569AB31E5DB2ED00F6C02D /* Headers */ = {
			isa = PBXHeadersBuildPhase;
			buildActionMask = 2147483647;
			files = (
				46569ABB1E5DB2ED00F6C02D /* AWSenseConnectWatch.h in Headers */,
			);
			runOnlyForDeploymentPostprocessing = 0;
		};
		46569AC31E5DB39000F6C02D /* Headers */ = {
			isa = PBXHeadersBuildPhase;
			buildActionMask = 2147483647;
			files = (
				46569ACA1E5DB39000F6C02D /* AWSenseConnectPhone.h in Headers */,
			);
			runOnlyForDeploymentPostprocessing = 0;
		};
/* End PBXHeadersBuildPhase section */

/* Begin PBXNativeTarget section */
		4641FF1D1EB0E9D300396B6D /* AWSense */ = {
			isa = PBXNativeTarget;
			buildConfigurationList = 4641FF231EB0E9D300396B6D /* Build configuration list for PBXNativeTarget "AWSense" */;
			buildPhases = (
				4641FF191EB0E9D300396B6D /* Sources */,
				4641FF1A1EB0E9D300396B6D /* Frameworks */,
				4641FF1B1EB0E9D300396B6D /* Headers */,
				4641FF1C1EB0E9D300396B6D /* Resources */,
			);
			buildRules = (
			);
			dependencies = (
			);
			name = AWSense;
			productName = AWSense;
			productReference = 4641FF1E1EB0E9D300396B6D /* AWSense.framework */;
			productType = "com.apple.product-type.framework";
		};
		46569AB51E5DB2ED00F6C02D /* AWSenseConnectWatch */ = {
			isa = PBXNativeTarget;
			buildConfigurationList = 46569ABE1E5DB2ED00F6C02D /* Build configuration list for PBXNativeTarget "AWSenseConnectWatch" */;
			buildPhases = (
				46569AB11E5DB2ED00F6C02D /* Sources */,
				46569AB21E5DB2ED00F6C02D /* Frameworks */,
				46569AB31E5DB2ED00F6C02D /* Headers */,
				46569AB41E5DB2ED00F6C02D /* Resources */,
			);
			buildRules = (
			);
			dependencies = (
			);
			name = AWSenseConnectWatch;
			productName = AWSenseConnectWatch;
			productReference = 46569AB61E5DB2ED00F6C02D /* AWSenseConnectWatch.framework */;
			productType = "com.apple.product-type.framework";
		};
		46569AC51E5DB39000F6C02D /* AWSenseConnectPhone */ = {
			isa = PBXNativeTarget;
			buildConfigurationList = 46569ACB1E5DB39000F6C02D /* Build configuration list for PBXNativeTarget "AWSenseConnectPhone" */;
			buildPhases = (
				46569AC11E5DB39000F6C02D /* Sources */,
				46569AC21E5DB39000F6C02D /* Frameworks */,
				46569AC31E5DB39000F6C02D /* Headers */,
				46569AC41E5DB39000F6C02D /* Resources */,
			);
			buildRules = (
			);
			dependencies = (
			);
			name = AWSenseConnectPhone;
			productName = AWSenseConnectPhone;
			productReference = 46569AC61E5DB39000F6C02D /* AWSenseConnectPhone.framework */;
			productType = "com.apple.product-type.framework";
		};
/* End PBXNativeTarget section */

/* Begin PBXProject section */
		46569AAD1E5DB2ED00F6C02D /* Project object */ = {
			isa = PBXProject;
			attributes = {
				LastSwiftUpdateCheck = 0820;
				LastUpgradeCheck = 0900;
				ORGANIZATIONNAME = "Katrin Haensel";
				TargetAttributes = {
					4641FF1D1EB0E9D300396B6D = {
						CreatedOnToolsVersion = 8.2.1;
						DevelopmentTeam = G6ZDR46H87;
						LastSwiftMigration = 0900;
						ProvisioningStyle = Automatic;
					};
					46569AB51E5DB2ED00F6C02D = {
						CreatedOnToolsVersion = 8.2.1;
						DevelopmentTeam = G6ZDR46H87;
						LastSwiftMigration = 0900;
						ProvisioningStyle = Automatic;
					};
					46569AC51E5DB39000F6C02D = {
						CreatedOnToolsVersion = 8.2.1;
						DevelopmentTeam = G6ZDR46H87;
						LastSwiftMigration = 0900;
						ProvisioningStyle = Automatic;
					};
				};
			};
			buildConfigurationList = 46569AB01E5DB2ED00F6C02D /* Build configuration list for PBXProject "AWSense" */;
			compatibilityVersion = "Xcode 3.2";
			developmentRegion = English;
			hasScannedForEncodings = 0;
			knownRegions = (
				en,
			);
			mainGroup = 46569AAC1E5DB2ED00F6C02D;
			productRefGroup = 46569AB71E5DB2ED00F6C02D /* Products */;
			projectDirPath = "";
			projectRoot = "";
			targets = (
				46569AB51E5DB2ED00F6C02D /* AWSenseConnectWatch */,
				46569AC51E5DB39000F6C02D /* AWSenseConnectPhone */,
				4641FF1D1EB0E9D300396B6D /* AWSense */,
			);
		};
/* End PBXProject section */

/* Begin PBXResourcesBuildPhase section */
		4641FF1C1EB0E9D300396B6D /* Resources */ = {
			isa = PBXResourcesBuildPhase;
			buildActionMask = 2147483647;
			files = (
			);
			runOnlyForDeploymentPostprocessing = 0;
		};
		46569AB41E5DB2ED00F6C02D /* Resources */ = {
			isa = PBXResourcesBuildPhase;
			buildActionMask = 2147483647;
			files = (
			);
			runOnlyForDeploymentPostprocessing = 0;
		};
		46569AC41E5DB39000F6C02D /* Resources */ = {
			isa = PBXResourcesBuildPhase;
			buildActionMask = 2147483647;
			files = (
			);
			runOnlyForDeploymentPostprocessing = 0;
		};
/* End PBXResourcesBuildPhase section */

/* Begin PBXSourcesBuildPhase section */
		4641FF191EB0E9D300396B6D /* Sources */ = {
			isa = PBXSourcesBuildPhase;
			buildActionMask = 2147483647;
			files = (
				46A2B0DF1EB0F56E0040A84D /* SensorEvent.swift in Sources */,
				4641FF351EB0E9F600396B6D /* AWSRawAccelerometerSensorData.swift in Sources */,
				4641FF411EB0EA3000396B6D /* AWSSensorManager.swift in Sources */,
				4641FF341EB0E9F600396B6D /* AWSHeartRateSensorData.swift in Sources */,
				4641FF2D1EB0E9F000396B6D /* DeviceMotionSensorSettings.swift in Sources */,
				4641FF331EB0E9F600396B6D /* AWSDeviceMotionSensorData.swift in Sources */,
				4641FF2C1EB0E9F000396B6D /* AccelerometerSensorSettings.swift in Sources */,
				4641FF441EB0EA4700396B6D /* AWSAccelerometerSensor.swift in Sources */,
				4641FF2B1EB0E9F000396B6D /* SensorSettings.swift in Sources */,
				4641FF3D1EB0E9FD00396B6D /* SensorExtensions.swift in Sources */,
				4641FF471EB0EA4700396B6D /* AWSSensor.swift in Sources */,
				4641FF3B1EB0E9FD00396B6D /* SensingConfiguration.swift in Sources */,
				4641FF461EB0EA4700396B6D /* AWSHeartRateSensor.swift in Sources */,
				4641FF2A1EB0E9F000396B6D /* HeartRateSensorSettings.swift in Sources */,
				4641FF451EB0EA4700396B6D /* AWSDeviceMotionSensor.swift in Sources */,
				4641FF361EB0E9F600396B6D /* AWSSensorDataProtocol.swift in Sources */,
				4641FF3F1EB0EA0200396B6D /* AWSSensorTypes.swift in Sources */,
				4641FF371EB0E9F600396B6D /* AWSTimestamp.swift in Sources */,
			);
			runOnlyForDeploymentPostprocessing = 0;
		};
		46569AB11E5DB2ED00F6C02D /* Sources */ = {
			isa = PBXSourcesBuildPhase;
			buildActionMask = 2147483647;
			files = (
				4641FF0D1EB0E8C600396B6D /* SensorExtensions.swift in Sources */,
				4641FEC31EB0E68100396B6D /* SensorSettingsExtensions.swift in Sources */,
				46E108A31EAE2D5E00E45736 /* AWCExtensionDelegate.swift in Sources */,
				4641FEC21EB0E68100396B6D /* Messages.swift in Sources */,
				4641FF071EB0E8C500396B6D /* SensingConfiguration.swift in Sources */,
				4641FEFD1EB0E89900396B6D /* SensorSettings.swift in Sources */,
				46393B521E69FB6D00DB8C50 /* SensingSession.swift in Sources */,
				4641FEED1EB0E83700396B6D /* AWSSensorManager.swift in Sources */,
				4641FEC41EB0E68100396B6D /* WatchConnectivityManager.swift in Sources */,
				4641FF171EB0E8DB00396B6D /* AWSSensorDataProtocol.swift in Sources */,
				4641FEF51EB0E84A00396B6D /* AWSDeviceMotionSensor.swift in Sources */,
				4641FEF61EB0E84A00396B6D /* AWSHeartRateSensor.swift in Sources */,
				4641FF091EB0E8C600396B6D /* AWSSensorTypes.swift in Sources */,
				4641FF181EB0E8DB00396B6D /* AWSTimestamp.swift in Sources */,
				4641FEFC1EB0E89900396B6D /* HeartRateSensorSettings.swift in Sources */,
				4641FF161EB0E8DB00396B6D /* AWSRawAccelerometerSensorData.swift in Sources */,
				4F5F8CB31E6C3AFB00CF51FE /* SensingDataManager.swift in Sources */,
				4641FF141EB0E8DB00396B6D /* AWSDeviceMotionSensorData.swift in Sources */,
				46393B461E69C2CE00DB8C50 /* SensingSessionManager.swift in Sources */,
				4641FEF41EB0E84A00396B6D /* AWSAccelerometerSensor.swift in Sources */,
				4641FEFE1EB0E89A00396B6D /* AccelerometerSensorSettings.swift in Sources */,
				4641FEFF1EB0E89A00396B6D /* DeviceMotionSensorSettings.swift in Sources */,
				4641FEF71EB0E84A00396B6D /* AWSSensor.swift in Sources */,
				46A2B0DE1EB0F3880040A84D /* SensorEvent.swift in Sources */,
				4641FEC51EB0E68100396B6D /* DataTransmissionMode.swift in Sources */,
				46393B501E69FB4100DB8C50 /* SensingSessionEvents.swift in Sources */,
				4641FF151EB0E8DB00396B6D /* AWSHeartRateSensorData.swift in Sources */,
				4F5F8CB11E6C31B700CF51FE /* SensingDataBuffer.swift in Sources */,
				4641FEC11EB0E68100396B6D /* MessageEventHandling.swift in Sources */,
			);
			runOnlyForDeploymentPostprocessing = 0;
		};
		46569AC11E5DB39000F6C02D /* Sources */ = {
			isa = PBXSourcesBuildPhase;
			buildActionMask = 2147483647;
			files = (
				4641FF3E1EB0EA0200396B6D /* AWSSensorTypes.swift in Sources */,
				4641FF4D1EB0EBF100396B6D /* Messages.swift in Sources */,
				4641FF381EB0E9FC00396B6D /* SensingConfiguration.swift in Sources */,
				4641FF321EB0E9F600396B6D /* AWSTimestamp.swift in Sources */,
				4641FF291EB0E9F000396B6D /* DeviceMotionSensorSettings.swift in Sources */,
				4641FF4C1EB0EBF100396B6D /* MessageEventHandling.swift in Sources */,
				4641FF271EB0E9F000396B6D /* SensorSettings.swift in Sources */,
				4641FF2F1EB0E9F600396B6D /* AWSHeartRateSensorData.swift in Sources */,
				460700501E6DBDDC003FCEE3 /* RemoteSensingDataBuffer.swift in Sources */,
				4641FF261EB0E9F000396B6D /* HeartRateSensorSettings.swift in Sources */,
				46393B481E69C53400DB8C50 /* SessionManager.swift in Sources */,
				4641FF2E1EB0E9F600396B6D /* AWSDeviceMotionSensorData.swift in Sources */,
				4641FF311EB0E9F600396B6D /* AWSSensorDataProtocol.swift in Sources */,
				46393B4C1E69D7D600DB8C50 /* RemoteSensingSessionEvents.swift in Sources */,
				4641FF4F1EB0EBF100396B6D /* WatchConnectivityManager.swift in Sources */,
				4641FF3A1EB0E9FC00396B6D /* SensorExtensions.swift in Sources */,
				4641FF4E1EB0EBF100396B6D /* SensorSettingsExtensions.swift in Sources */,
				4641FF301EB0E9F600396B6D /* AWSRawAccelerometerSensorData.swift in Sources */,
				46393B4A1E69C5A600DB8C50 /* RemoteSensingSession.swift in Sources */,
				4641FF501EB0EBF100396B6D /* DataTransmissionMode.swift in Sources */,
				4641FF281EB0E9F000396B6D /* AccelerometerSensorSettings.swift in Sources */,
				46A2B0E71EB102B20040A84D /* AWSessionStateChangedEvent.swift in Sources */,
			);
			runOnlyForDeploymentPostprocessing = 0;
		};
/* End PBXSourcesBuildPhase section */

/* Begin XCBuildConfiguration section */
		4641FF241EB0E9D300396B6D /* Debug */ = {
			isa = XCBuildConfiguration;
			buildSettings = {
				APPLICATION_EXTENSION_API_ONLY = YES;
				CODE_SIGN_IDENTITY = "";
				DEFINES_MODULE = YES;
				DEVELOPMENT_TEAM = G6ZDR46H87;
				DYLIB_COMPATIBILITY_VERSION = 1;
				DYLIB_CURRENT_VERSION = 1;
				DYLIB_INSTALL_NAME_BASE = "@rpath";
				INFOPLIST_FILE = AWSenseWatch/Info.plist;
				INSTALL_PATH = "$(LOCAL_LIBRARY_DIR)/Frameworks";
				LD_RUNPATH_SEARCH_PATHS = "$(inherited) @executable_path/Frameworks @loader_path/Frameworks";
				PRODUCT_BUNDLE_IDENTIFIER = ac.uk.qmul.AWSense;
				PRODUCT_NAME = "$(TARGET_NAME)";
				SKIP_INSTALL = YES;
				SWIFT_SWIFT3_OBJC_INFERENCE = Default;
				SWIFT_VERSION = 4.0;
				WATCHOS_DEPLOYMENT_TARGET = 3.1;
			};
			name = Debug;
		};
		4641FF251EB0E9D300396B6D /* Release */ = {
			isa = XCBuildConfiguration;
			buildSettings = {
				APPLICATION_EXTENSION_API_ONLY = YES;
				CODE_SIGN_IDENTITY = "";
				DEFINES_MODULE = YES;
				DEVELOPMENT_TEAM = G6ZDR46H87;
				DYLIB_COMPATIBILITY_VERSION = 1;
				DYLIB_CURRENT_VERSION = 1;
				DYLIB_INSTALL_NAME_BASE = "@rpath";
				INFOPLIST_FILE = AWSenseWatch/Info.plist;
				INSTALL_PATH = "$(LOCAL_LIBRARY_DIR)/Frameworks";
				LD_RUNPATH_SEARCH_PATHS = "$(inherited) @executable_path/Frameworks @loader_path/Frameworks";
				PRODUCT_BUNDLE_IDENTIFIER = ac.uk.qmul.AWSense;
				PRODUCT_NAME = "$(TARGET_NAME)";
				SKIP_INSTALL = YES;
				SWIFT_SWIFT3_OBJC_INFERENCE = Default;
				SWIFT_VERSION = 4.0;
				WATCHOS_DEPLOYMENT_TARGET = 3.1;
			};
			name = Release;
		};
		46569ABC1E5DB2ED00F6C02D /* Debug */ = {
			isa = XCBuildConfiguration;
			buildSettings = {
				ALWAYS_SEARCH_USER_PATHS = NO;
				CLANG_ANALYZER_NONNULL = YES;
				CLANG_CXX_LANGUAGE_STANDARD = "gnu++0x";
				CLANG_CXX_LIBRARY = "libc++";
				CLANG_ENABLE_MODULES = YES;
				CLANG_ENABLE_OBJC_ARC = YES;
				CLANG_WARN_BLOCK_CAPTURE_AUTORELEASING = YES;
				CLANG_WARN_BOOL_CONVERSION = YES;
				CLANG_WARN_COMMA = YES;
				CLANG_WARN_CONSTANT_CONVERSION = YES;
				CLANG_WARN_DIRECT_OBJC_ISA_USAGE = YES_ERROR;
				CLANG_WARN_DOCUMENTATION_COMMENTS = YES;
				CLANG_WARN_EMPTY_BODY = YES;
				CLANG_WARN_ENUM_CONVERSION = YES;
				CLANG_WARN_INFINITE_RECURSION = YES;
				CLANG_WARN_INT_CONVERSION = YES;
				CLANG_WARN_NON_LITERAL_NULL_CONVERSION = YES;
				CLANG_WARN_OBJC_LITERAL_CONVERSION = YES;
				CLANG_WARN_OBJC_ROOT_CLASS = YES_ERROR;
				CLANG_WARN_RANGE_LOOP_ANALYSIS = YES;
				CLANG_WARN_STRICT_PROTOTYPES = YES;
				CLANG_WARN_SUSPICIOUS_MOVE = YES;
				CLANG_WARN_UNREACHABLE_CODE = YES;
				CLANG_WARN__DUPLICATE_METHOD_MATCH = YES;
				COPY_PHASE_STRIP = NO;
				CURRENT_PROJECT_VERSION = 1;
				DEBUG_INFORMATION_FORMAT = dwarf;
				ENABLE_STRICT_OBJC_MSGSEND = YES;
				ENABLE_TESTABILITY = YES;
				GCC_C_LANGUAGE_STANDARD = gnu99;
				GCC_DYNAMIC_NO_PIC = NO;
				GCC_NO_COMMON_BLOCKS = YES;
				GCC_OPTIMIZATION_LEVEL = 0;
				GCC_PREPROCESSOR_DEFINITIONS = (
					"DEBUG=1",
					"$(inherited)",
				);
				GCC_WARN_64_TO_32_BIT_CONVERSION = YES;
				GCC_WARN_ABOUT_RETURN_TYPE = YES_ERROR;
				GCC_WARN_UNDECLARED_SELECTOR = YES;
				GCC_WARN_UNINITIALIZED_AUTOS = YES_AGGRESSIVE;
				GCC_WARN_UNUSED_FUNCTION = YES;
				GCC_WARN_UNUSED_VARIABLE = YES;
				MTL_ENABLE_DEBUG_INFO = YES;
				ONLY_ACTIVE_ARCH = YES;
				SDKROOT = watchos;
				SWIFT_ACTIVE_COMPILATION_CONDITIONS = DEBUG;
				SWIFT_OPTIMIZATION_LEVEL = "-Onone";
				TARGETED_DEVICE_FAMILY = 4;
				VERSIONING_SYSTEM = "apple-generic";
				VERSION_INFO_PREFIX = "";
				WATCHOS_DEPLOYMENT_TARGET = 3.1;
			};
			name = Debug;
		};
		46569ABD1E5DB2ED00F6C02D /* Release */ = {
			isa = XCBuildConfiguration;
			buildSettings = {
				ALWAYS_SEARCH_USER_PATHS = NO;
				CLANG_ANALYZER_NONNULL = YES;
				CLANG_CXX_LANGUAGE_STANDARD = "gnu++0x";
				CLANG_CXX_LIBRARY = "libc++";
				CLANG_ENABLE_MODULES = YES;
				CLANG_ENABLE_OBJC_ARC = YES;
				CLANG_WARN_BLOCK_CAPTURE_AUTORELEASING = YES;
				CLANG_WARN_BOOL_CONVERSION = YES;
				CLANG_WARN_COMMA = YES;
				CLANG_WARN_CONSTANT_CONVERSION = YES;
				CLANG_WARN_DIRECT_OBJC_ISA_USAGE = YES_ERROR;
				CLANG_WARN_DOCUMENTATION_COMMENTS = YES;
				CLANG_WARN_EMPTY_BODY = YES;
				CLANG_WARN_ENUM_CONVERSION = YES;
				CLANG_WARN_INFINITE_RECURSION = YES;
				CLANG_WARN_INT_CONVERSION = YES;
				CLANG_WARN_NON_LITERAL_NULL_CONVERSION = YES;
				CLANG_WARN_OBJC_LITERAL_CONVERSION = YES;
				CLANG_WARN_OBJC_ROOT_CLASS = YES_ERROR;
				CLANG_WARN_RANGE_LOOP_ANALYSIS = YES;
				CLANG_WARN_STRICT_PROTOTYPES = YES;
				CLANG_WARN_SUSPICIOUS_MOVE = YES;
				CLANG_WARN_UNREACHABLE_CODE = YES;
				CLANG_WARN__DUPLICATE_METHOD_MATCH = YES;
				COPY_PHASE_STRIP = NO;
				CURRENT_PROJECT_VERSION = 1;
				DEBUG_INFORMATION_FORMAT = "dwarf-with-dsym";
				ENABLE_NS_ASSERTIONS = NO;
				ENABLE_STRICT_OBJC_MSGSEND = YES;
				GCC_C_LANGUAGE_STANDARD = gnu99;
				GCC_NO_COMMON_BLOCKS = YES;
				GCC_WARN_64_TO_32_BIT_CONVERSION = YES;
				GCC_WARN_ABOUT_RETURN_TYPE = YES_ERROR;
				GCC_WARN_UNDECLARED_SELECTOR = YES;
				GCC_WARN_UNINITIALIZED_AUTOS = YES_AGGRESSIVE;
				GCC_WARN_UNUSED_FUNCTION = YES;
				GCC_WARN_UNUSED_VARIABLE = YES;
				MTL_ENABLE_DEBUG_INFO = NO;
				SDKROOT = watchos;
				SWIFT_OPTIMIZATION_LEVEL = "-Owholemodule";
				TARGETED_DEVICE_FAMILY = 4;
				VALIDATE_PRODUCT = YES;
				VERSIONING_SYSTEM = "apple-generic";
				VERSION_INFO_PREFIX = "";
				WATCHOS_DEPLOYMENT_TARGET = 3.1;
			};
			name = Release;
		};
		46569ABF1E5DB2ED00F6C02D /* Debug */ = {
			isa = XCBuildConfiguration;
			buildSettings = {
				APPLICATION_EXTENSION_API_ONLY = YES;
				CLANG_ENABLE_MODULES = YES;
				CODE_SIGN_IDENTITY = "";
				DEFINES_MODULE = YES;
				DEVELOPMENT_TEAM = G6ZDR46H87;
				DYLIB_COMPATIBILITY_VERSION = 1;
				DYLIB_CURRENT_VERSION = 1;
				DYLIB_INSTALL_NAME_BASE = "@rpath";
				INFOPLIST_FILE = AWSenseConnectWatch/Info.plist;
				INSTALL_PATH = "$(LOCAL_LIBRARY_DIR)/Frameworks";
				LD_RUNPATH_SEARCH_PATHS = "$(inherited) @executable_path/Frameworks @loader_path/Frameworks";
				PRODUCT_BUNDLE_IDENTIFIER = ac.uk.qmul.AWSenseConnect;
				PRODUCT_NAME = "$(TARGET_NAME)";
				SKIP_INSTALL = YES;
				SWIFT_OPTIMIZATION_LEVEL = "-Onone";
				SWIFT_SWIFT3_OBJC_INFERENCE = On;
				SWIFT_VERSION = 4.0;
			};
			name = Debug;
		};
		46569AC01E5DB2ED00F6C02D /* Release */ = {
			isa = XCBuildConfiguration;
			buildSettings = {
				APPLICATION_EXTENSION_API_ONLY = YES;
				CLANG_ENABLE_MODULES = YES;
				CODE_SIGN_IDENTITY = "";
				DEFINES_MODULE = YES;
				DEVELOPMENT_TEAM = G6ZDR46H87;
				DYLIB_COMPATIBILITY_VERSION = 1;
				DYLIB_CURRENT_VERSION = 1;
				DYLIB_INSTALL_NAME_BASE = "@rpath";
				INFOPLIST_FILE = AWSenseConnectWatch/Info.plist;
				INSTALL_PATH = "$(LOCAL_LIBRARY_DIR)/Frameworks";
				LD_RUNPATH_SEARCH_PATHS = "$(inherited) @executable_path/Frameworks @loader_path/Frameworks";
				PRODUCT_BUNDLE_IDENTIFIER = ac.uk.qmul.AWSenseConnect;
				PRODUCT_NAME = "$(TARGET_NAME)";
				SKIP_INSTALL = YES;
				SWIFT_SWIFT3_OBJC_INFERENCE = On;
				SWIFT_VERSION = 4.0;
			};
			name = Release;
		};
		46569ACC1E5DB39000F6C02D /* Debug */ = {
			isa = XCBuildConfiguration;
			buildSettings = {
				APPLICATION_EXTENSION_API_ONLY = YES;
				CLANG_ENABLE_MODULES = YES;
				CODE_SIGN_IDENTITY = "";
				"CODE_SIGN_IDENTITY[sdk=iphoneos*]" = "";
				DEFINES_MODULE = YES;
				DEVELOPMENT_TEAM = G6ZDR46H87;
				DYLIB_COMPATIBILITY_VERSION = 1;
				DYLIB_CURRENT_VERSION = 1;
				DYLIB_INSTALL_NAME_BASE = "@rpath";
				INFOPLIST_FILE = AWSenseConnectPhone/Info.plist;
				INSTALL_PATH = "$(LOCAL_LIBRARY_DIR)/Frameworks";
				IPHONEOS_DEPLOYMENT_TARGET = 10.2;
				LD_RUNPATH_SEARCH_PATHS = "$(inherited) @executable_path/Frameworks @loader_path/Frameworks";
				PRODUCT_BUNDLE_IDENTIFIER = ac.uk.qmul.AWSenseConnect;
				PRODUCT_NAME = "$(TARGET_NAME)";
				SDKROOT = iphoneos;
				SKIP_INSTALL = YES;
				SWIFT_OPTIMIZATION_LEVEL = "-Onone";
				SWIFT_SWIFT3_OBJC_INFERENCE = Default;
				SWIFT_VERSION = 4.0;
				TARGETED_DEVICE_FAMILY = "1,2";
			};
			name = Debug;
		};
		46569ACD1E5DB39000F6C02D /* Release */ = {
			isa = XCBuildConfiguration;
			buildSettings = {
				APPLICATION_EXTENSION_API_ONLY = YES;
				CLANG_ENABLE_MODULES = YES;
				CODE_SIGN_IDENTITY = "";
				"CODE_SIGN_IDENTITY[sdk=iphoneos*]" = "";
				DEFINES_MODULE = YES;
				DEVELOPMENT_TEAM = G6ZDR46H87;
				DYLIB_COMPATIBILITY_VERSION = 1;
				DYLIB_CURRENT_VERSION = 1;
				DYLIB_INSTALL_NAME_BASE = "@rpath";
				INFOPLIST_FILE = AWSenseConnectPhone/Info.plist;
				INSTALL_PATH = "$(LOCAL_LIBRARY_DIR)/Frameworks";
				IPHONEOS_DEPLOYMENT_TARGET = 10.2;
				LD_RUNPATH_SEARCH_PATHS = "$(inherited) @executable_path/Frameworks @loader_path/Frameworks";
				PRODUCT_BUNDLE_IDENTIFIER = ac.uk.qmul.AWSenseConnect;
				PRODUCT_NAME = "$(TARGET_NAME)";
				SDKROOT = iphoneos;
				SKIP_INSTALL = YES;
				SWIFT_SWIFT3_OBJC_INFERENCE = Default;
				SWIFT_VERSION = 4.0;
				TARGETED_DEVICE_FAMILY = "1,2";
			};
			name = Release;
		};
/* End XCBuildConfiguration section */

/* Begin XCConfigurationList section */
		4641FF231EB0E9D300396B6D /* Build configuration list for PBXNativeTarget "AWSense" */ = {
			isa = XCConfigurationList;
			buildConfigurations = (
				4641FF241EB0E9D300396B6D /* Debug */,
				4641FF251EB0E9D300396B6D /* Release */,
			);
			defaultConfigurationIsVisible = 0;
			defaultConfigurationName = Release;
		};
		46569AB01E5DB2ED00F6C02D /* Build configuration list for PBXProject "AWSense" */ = {
			isa = XCConfigurationList;
			buildConfigurations = (
				46569ABC1E5DB2ED00F6C02D /* Debug */,
				46569ABD1E5DB2ED00F6C02D /* Release */,
			);
			defaultConfigurationIsVisible = 0;
			defaultConfigurationName = Release;
		};
		46569ABE1E5DB2ED00F6C02D /* Build configuration list for PBXNativeTarget "AWSenseConnectWatch" */ = {
			isa = XCConfigurationList;
			buildConfigurations = (
				46569ABF1E5DB2ED00F6C02D /* Debug */,
				46569AC01E5DB2ED00F6C02D /* Release */,
			);
			defaultConfigurationIsVisible = 0;
			defaultConfigurationName = Release;
		};
		46569ACB1E5DB39000F6C02D /* Build configuration list for PBXNativeTarget "AWSenseConnectPhone" */ = {
			isa = XCConfigurationList;
			buildConfigurations = (
				46569ACC1E5DB39000F6C02D /* Debug */,
				46569ACD1E5DB39000F6C02D /* Release */,
			);
			defaultConfigurationIsVisible = 0;
			defaultConfigurationName = Release;
		};
/* End XCConfigurationList section */
	};
	rootObject = 46569AAD1E5DB2ED00F6C02D /* Project object */;
}
