// !$*UTF8*$!
{
	archiveVersion = 1;
	classes = {
	};
	objectVersion = 46;
	objects = {

/* Begin PBXBuildFile section */
		4F0829CA1E588AEE0049E1D0 /* AppDelegate.swift in Sources */ = {isa = PBXBuildFile; fileRef = 4F0829C91E588AEE0049E1D0 /* AppDelegate.swift */; };
		4F0829CC1E588AEE0049E1D0 /* ViewController.swift in Sources */ = {isa = PBXBuildFile; fileRef = 4F0829CB1E588AEE0049E1D0 /* ViewController.swift */; };
		4F0829CF1E588AEE0049E1D0 /* Main.storyboard in Resources */ = {isa = PBXBuildFile; fileRef = 4F0829CD1E588AEE0049E1D0 /* Main.storyboard */; };
		4F0829D11E588AEE0049E1D0 /* Assets.xcassets in Resources */ = {isa = PBXBuildFile; fileRef = 4F0829D01E588AEE0049E1D0 /* Assets.xcassets */; };
		4F0829D41E588AEE0049E1D0 /* LaunchScreen.storyboard in Resources */ = {isa = PBXBuildFile; fileRef = 4F0829D21E588AEE0049E1D0 /* LaunchScreen.storyboard */; };
		4F0829DF1E588AEE0049E1D0 /* AWSenseWatchTestTests.swift in Sources */ = {isa = PBXBuildFile; fileRef = 4F0829DE1E588AEE0049E1D0 /* AWSenseWatchTestTests.swift */; };
		4F0829E41E588AEE0049E1D0 /* AWSenseWatchTest WatchKit App.app in Embed Watch Content */ = {isa = PBXBuildFile; fileRef = 4F0829E31E588AEE0049E1D0 /* AWSenseWatchTest WatchKit App.app */; };
		4F0829EA1E588AEE0049E1D0 /* Interface.storyboard in Resources */ = {isa = PBXBuildFile; fileRef = 4F0829E81E588AEE0049E1D0 /* Interface.storyboard */; };
		4F0829EC1E588AEE0049E1D0 /* Assets.xcassets in Resources */ = {isa = PBXBuildFile; fileRef = 4F0829EB1E588AEE0049E1D0 /* Assets.xcassets */; };
		4F0829F31E588AEF0049E1D0 /* AWSenseWatchTest WatchKit Extension.appex in Embed App Extensions */ = {isa = PBXBuildFile; fileRef = 4F0829F21E588AEF0049E1D0 /* AWSenseWatchTest WatchKit Extension.appex */; settings = {ATTRIBUTES = (RemoveHeadersOnCopy, ); }; };
		4F0829F81E588AEF0049E1D0 /* InterfaceController.swift in Sources */ = {isa = PBXBuildFile; fileRef = 4F0829F71E588AEF0049E1D0 /* InterfaceController.swift */; };
		4F0829FA1E588AEF0049E1D0 /* ExtensionDelegate.swift in Sources */ = {isa = PBXBuildFile; fileRef = 4F0829F91E588AEF0049E1D0 /* ExtensionDelegate.swift */; };
		4F0829FC1E588AEF0049E1D0 /* Assets.xcassets in Resources */ = {isa = PBXBuildFile; fileRef = 4F0829FB1E588AEF0049E1D0 /* Assets.xcassets */; };
		4F70C29A1E58E08E00271F4A /* ConfigurationInterfaceController.swift in Sources */ = {isa = PBXBuildFile; fileRef = 4F70C2991E58E08E00271F4A /* ConfigurationInterfaceController.swift */; };
		4F70C29C1E58E09C00271F4A /* SensingDataInterfaceController.swift in Sources */ = {isa = PBXBuildFile; fileRef = 4F70C29B1E58E09C00271F4A /* SensingDataInterfaceController.swift */; };
		4F9D93121E5899EF00860463 /* HealthKit.framework in Frameworks */ = {isa = PBXBuildFile; fileRef = 4F9D93111E5899EF00860463 /* HealthKit.framework */; };
		4F9D93141E5899FD00860463 /* HealthKit.framework in Frameworks */ = {isa = PBXBuildFile; fileRef = 4F9D93131E5899FD00860463 /* HealthKit.framework */; };
		4F9D93171E589E0D00860463 /* AWSenseWatch.framework in Frameworks */ = {isa = PBXBuildFile; fileRef = 4F9D93161E589E0D00860463 /* AWSenseWatch.framework */; };
		4F9D93181E589E0D00860463 /* AWSenseWatch.framework in Embed Frameworks */ = {isa = PBXBuildFile; fileRef = 4F9D93161E589E0D00860463 /* AWSenseWatch.framework */; settings = {ATTRIBUTES = (CodeSignOnCopy, RemoveHeadersOnCopy, ); }; };
/* End PBXBuildFile section */

/* Begin PBXContainerItemProxy section */
		4F0829DB1E588AEE0049E1D0 /* PBXContainerItemProxy */ = {
			isa = PBXContainerItemProxy;
			containerPortal = 4F0829BE1E588AEE0049E1D0 /* Project object */;
			proxyType = 1;
			remoteGlobalIDString = 4F0829C51E588AEE0049E1D0;
			remoteInfo = AWSenseWatchTest;
		};
		4F0829E51E588AEE0049E1D0 /* PBXContainerItemProxy */ = {
			isa = PBXContainerItemProxy;
			containerPortal = 4F0829BE1E588AEE0049E1D0 /* Project object */;
			proxyType = 1;
			remoteGlobalIDString = 4F0829E21E588AEE0049E1D0;
			remoteInfo = "AWSenseWatchTest WatchKit App";
		};
		4F0829F41E588AEF0049E1D0 /* PBXContainerItemProxy */ = {
			isa = PBXContainerItemProxy;
			containerPortal = 4F0829BE1E588AEE0049E1D0 /* Project object */;
			proxyType = 1;
			remoteGlobalIDString = 4F0829F11E588AEF0049E1D0;
			remoteInfo = "AWSenseWatchTest WatchKit Extension";
		};
/* End PBXContainerItemProxy section */

/* Begin PBXCopyFilesBuildPhase section */
		4F082A031E588AEF0049E1D0 /* Embed App Extensions */ = {
			isa = PBXCopyFilesBuildPhase;
			buildActionMask = 2147483647;
			dstPath = "";
			dstSubfolderSpec = 13;
			files = (
				4F0829F31E588AEF0049E1D0 /* AWSenseWatchTest WatchKit Extension.appex in Embed App Extensions */,
			);
			name = "Embed App Extensions";
			runOnlyForDeploymentPostprocessing = 0;
		};
		4F082A071E588AEF0049E1D0 /* Embed Watch Content */ = {
			isa = PBXCopyFilesBuildPhase;
			buildActionMask = 2147483647;
			dstPath = "$(CONTENTS_FOLDER_PATH)/Watch";
			dstSubfolderSpec = 16;
			files = (
				4F0829E41E588AEE0049E1D0 /* AWSenseWatchTest WatchKit App.app in Embed Watch Content */,
			);
			name = "Embed Watch Content";
			runOnlyForDeploymentPostprocessing = 0;
		};
		4F9D93191E589E0D00860463 /* Embed Frameworks */ = {
			isa = PBXCopyFilesBuildPhase;
			buildActionMask = 2147483647;
			dstPath = "";
			dstSubfolderSpec = 10;
			files = (
				4F9D93181E589E0D00860463 /* AWSenseWatch.framework in Embed Frameworks */,
			);
			name = "Embed Frameworks";
			runOnlyForDeploymentPostprocessing = 0;
		};
/* End PBXCopyFilesBuildPhase section */

/* Begin PBXFileReference section */
		4F0829C61E588AEE0049E1D0 /* AWSenseWatchTest.app */ = {isa = PBXFileReference; explicitFileType = wrapper.application; includeInIndex = 0; path = AWSenseWatchTest.app; sourceTree = BUILT_PRODUCTS_DIR; };
		4F0829C91E588AEE0049E1D0 /* AppDelegate.swift */ = {isa = PBXFileReference; lastKnownFileType = sourcecode.swift; path = AppDelegate.swift; sourceTree = "<group>"; };
		4F0829CB1E588AEE0049E1D0 /* ViewController.swift */ = {isa = PBXFileReference; lastKnownFileType = sourcecode.swift; path = ViewController.swift; sourceTree = "<group>"; };
		4F0829CE1E588AEE0049E1D0 /* Base */ = {isa = PBXFileReference; lastKnownFileType = file.storyboard; name = Base; path = Base.lproj/Main.storyboard; sourceTree = "<group>"; };
		4F0829D01E588AEE0049E1D0 /* Assets.xcassets */ = {isa = PBXFileReference; lastKnownFileType = folder.assetcatalog; path = Assets.xcassets; sourceTree = "<group>"; };
		4F0829D31E588AEE0049E1D0 /* Base */ = {isa = PBXFileReference; lastKnownFileType = file.storyboard; name = Base; path = Base.lproj/LaunchScreen.storyboard; sourceTree = "<group>"; };
		4F0829D51E588AEE0049E1D0 /* Info.plist */ = {isa = PBXFileReference; lastKnownFileType = text.plist.xml; path = Info.plist; sourceTree = "<group>"; };
		4F0829DA1E588AEE0049E1D0 /* AWSenseWatchTestTests.xctest */ = {isa = PBXFileReference; explicitFileType = wrapper.cfbundle; includeInIndex = 0; path = AWSenseWatchTestTests.xctest; sourceTree = BUILT_PRODUCTS_DIR; };
		4F0829DE1E588AEE0049E1D0 /* AWSenseWatchTestTests.swift */ = {isa = PBXFileReference; lastKnownFileType = sourcecode.swift; path = AWSenseWatchTestTests.swift; sourceTree = "<group>"; };
		4F0829E01E588AEE0049E1D0 /* Info.plist */ = {isa = PBXFileReference; lastKnownFileType = text.plist.xml; path = Info.plist; sourceTree = "<group>"; };
		4F0829E31E588AEE0049E1D0 /* AWSenseWatchTest WatchKit App.app */ = {isa = PBXFileReference; explicitFileType = wrapper.application; includeInIndex = 0; path = "AWSenseWatchTest WatchKit App.app"; sourceTree = BUILT_PRODUCTS_DIR; };
		4F0829E91E588AEE0049E1D0 /* Base */ = {isa = PBXFileReference; lastKnownFileType = file.storyboard; name = Base; path = Base.lproj/Interface.storyboard; sourceTree = "<group>"; };
		4F0829EB1E588AEE0049E1D0 /* Assets.xcassets */ = {isa = PBXFileReference; lastKnownFileType = folder.assetcatalog; path = Assets.xcassets; sourceTree = "<group>"; };
		4F0829ED1E588AEE0049E1D0 /* Info.plist */ = {isa = PBXFileReference; lastKnownFileType = text.plist.xml; path = Info.plist; sourceTree = "<group>"; };
		4F0829F21E588AEF0049E1D0 /* AWSenseWatchTest WatchKit Extension.appex */ = {isa = PBXFileReference; explicitFileType = "wrapper.app-extension"; includeInIndex = 0; path = "AWSenseWatchTest WatchKit Extension.appex"; sourceTree = BUILT_PRODUCTS_DIR; };
		4F0829F71E588AEF0049E1D0 /* InterfaceController.swift */ = {isa = PBXFileReference; lastKnownFileType = sourcecode.swift; path = InterfaceController.swift; sourceTree = "<group>"; };
		4F0829F91E588AEF0049E1D0 /* ExtensionDelegate.swift */ = {isa = PBXFileReference; lastKnownFileType = sourcecode.swift; path = ExtensionDelegate.swift; sourceTree = "<group>"; };
		4F0829FB1E588AEF0049E1D0 /* Assets.xcassets */ = {isa = PBXFileReference; lastKnownFileType = folder.assetcatalog; path = Assets.xcassets; sourceTree = "<group>"; };
		4F0829FD1E588AEF0049E1D0 /* Info.plist */ = {isa = PBXFileReference; lastKnownFileType = text.plist.xml; path = Info.plist; sourceTree = "<group>"; };
		4F70C2991E58E08E00271F4A /* ConfigurationInterfaceController.swift */ = {isa = PBXFileReference; fileEncoding = 4; lastKnownFileType = sourcecode.swift; path = ConfigurationInterfaceController.swift; sourceTree = "<group>"; };
		4F70C29B1E58E09C00271F4A /* SensingDataInterfaceController.swift */ = {isa = PBXFileReference; fileEncoding = 4; lastKnownFileType = sourcecode.swift; path = SensingDataInterfaceController.swift; sourceTree = "<group>"; };
		4F9D930F1E5899EF00860463 /* AWSenseWatchTest.entitlements */ = {isa = PBXFileReference; lastKnownFileType = text.plist.entitlements; path = AWSenseWatchTest.entitlements; sourceTree = "<group>"; };
		4F9D93111E5899EF00860463 /* HealthKit.framework */ = {isa = PBXFileReference; lastKnownFileType = wrapper.framework; name = HealthKit.framework; path = System/Library/Frameworks/HealthKit.framework; sourceTree = SDKROOT; };
		4F9D93131E5899FD00860463 /* HealthKit.framework */ = {isa = PBXFileReference; lastKnownFileType = wrapper.framework; name = HealthKit.framework; path = Platforms/WatchOS.platform/Developer/SDKs/WatchOS3.1.sdk/System/Library/Frameworks/HealthKit.framework; sourceTree = DEVELOPER_DIR; };
		4F9D93151E5899FD00860463 /* AWSenseWatchTest WatchKit Extension.entitlements */ = {isa = PBXFileReference; lastKnownFileType = text.plist.entitlements; path = "AWSenseWatchTest WatchKit Extension.entitlements"; sourceTree = "<group>"; };
		4F9D93161E589E0D00860463 /* AWSenseWatch.framework */ = {isa = PBXFileReference; explicitFileType = wrapper.framework; path = AWSenseWatch.framework; sourceTree = BUILT_PRODUCTS_DIR; };
/* End PBXFileReference section */

/* Begin PBXFrameworksBuildPhase section */
		4F0829C31E588AEE0049E1D0 /* Frameworks */ = {
			isa = PBXFrameworksBuildPhase;
			buildActionMask = 2147483647;
			files = (
				4F9D93121E5899EF00860463 /* HealthKit.framework in Frameworks */,
			);
			runOnlyForDeploymentPostprocessing = 0;
		};
		4F0829D71E588AEE0049E1D0 /* Frameworks */ = {
			isa = PBXFrameworksBuildPhase;
			buildActionMask = 2147483647;
			files = (
			);
			runOnlyForDeploymentPostprocessing = 0;
		};
		4F0829EF1E588AEF0049E1D0 /* Frameworks */ = {
			isa = PBXFrameworksBuildPhase;
			buildActionMask = 2147483647;
			files = (
				4F9D93141E5899FD00860463 /* HealthKit.framework in Frameworks */,
				4F9D93171E589E0D00860463 /* AWSenseWatch.framework in Frameworks */,
			);
			runOnlyForDeploymentPostprocessing = 0;
		};
/* End PBXFrameworksBuildPhase section */

/* Begin PBXGroup section */
		4F0829BD1E588AEE0049E1D0 = {
			isa = PBXGroup;
			children = (
				4F9D93161E589E0D00860463 /* AWSenseWatch.framework */,
				4F0829C81E588AEE0049E1D0 /* AWSenseWatchTest */,
				4F0829E71E588AEE0049E1D0 /* AWSenseWatchTest WatchKit App */,
				4F0829F61E588AEF0049E1D0 /* AWSenseWatchTest WatchKit Extension */,
				4F0829DD1E588AEE0049E1D0 /* AWSenseWatchTestTests */,
				4F0829C71E588AEE0049E1D0 /* Products */,
				4F9D93101E5899EF00860463 /* Frameworks */,
			);
			sourceTree = "<group>";
		};
		4F0829C71E588AEE0049E1D0 /* Products */ = {
			isa = PBXGroup;
			children = (
				4F0829C61E588AEE0049E1D0 /* AWSenseWatchTest.app */,
				4F0829DA1E588AEE0049E1D0 /* AWSenseWatchTestTests.xctest */,
				4F0829E31E588AEE0049E1D0 /* AWSenseWatchTest WatchKit App.app */,
				4F0829F21E588AEF0049E1D0 /* AWSenseWatchTest WatchKit Extension.appex */,
			);
			name = Products;
			sourceTree = "<group>";
		};
		4F0829C81E588AEE0049E1D0 /* AWSenseWatchTest */ = {
			isa = PBXGroup;
			children = (
				4F9D930F1E5899EF00860463 /* AWSenseWatchTest.entitlements */,
				4F0829C91E588AEE0049E1D0 /* AppDelegate.swift */,
				4F0829CB1E588AEE0049E1D0 /* ViewController.swift */,
				4F0829CD1E588AEE0049E1D0 /* Main.storyboard */,
				4F0829D01E588AEE0049E1D0 /* Assets.xcassets */,
				4F0829D21E588AEE0049E1D0 /* LaunchScreen.storyboard */,
				4F0829D51E588AEE0049E1D0 /* Info.plist */,
			);
			path = AWSenseWatchTest;
			sourceTree = "<group>";
		};
		4F0829DD1E588AEE0049E1D0 /* AWSenseWatchTestTests */ = {
			isa = PBXGroup;
			children = (
				4F0829DE1E588AEE0049E1D0 /* AWSenseWatchTestTests.swift */,
				4F0829E01E588AEE0049E1D0 /* Info.plist */,
			);
			path = AWSenseWatchTestTests;
			sourceTree = "<group>";
		};
		4F0829E71E588AEE0049E1D0 /* AWSenseWatchTest WatchKit App */ = {
			isa = PBXGroup;
			children = (
				4F0829E81E588AEE0049E1D0 /* Interface.storyboard */,
				4F0829EB1E588AEE0049E1D0 /* Assets.xcassets */,
				4F0829ED1E588AEE0049E1D0 /* Info.plist */,
			);
			path = "AWSenseWatchTest WatchKit App";
			sourceTree = "<group>";
		};
		4F0829F61E588AEF0049E1D0 /* AWSenseWatchTest WatchKit Extension */ = {
			isa = PBXGroup;
			children = (
				4F9D93151E5899FD00860463 /* AWSenseWatchTest WatchKit Extension.entitlements */,
				4F0829F71E588AEF0049E1D0 /* InterfaceController.swift */,
				4F0829F91E588AEF0049E1D0 /* ExtensionDelegate.swift */,
				4F70C2991E58E08E00271F4A /* ConfigurationInterfaceController.swift */,
				4F70C29B1E58E09C00271F4A /* SensingDataInterfaceController.swift */,
				4F0829FB1E588AEF0049E1D0 /* Assets.xcassets */,
				4F0829FD1E588AEF0049E1D0 /* Info.plist */,
			);
			path = "AWSenseWatchTest WatchKit Extension";
			sourceTree = "<group>";
		};
		4F9D93101E5899EF00860463 /* Frameworks */ = {
			isa = PBXGroup;
			children = (
				4F9D93131E5899FD00860463 /* HealthKit.framework */,
				4F9D93111E5899EF00860463 /* HealthKit.framework */,
			);
			name = Frameworks;
			sourceTree = "<group>";
		};
/* End PBXGroup section */

/* Begin PBXNativeTarget section */
		4F0829C51E588AEE0049E1D0 /* AWSenseWatchTest */ = {
			isa = PBXNativeTarget;
			buildConfigurationList = 4F082A081E588AEF0049E1D0 /* Build configuration list for PBXNativeTarget "AWSenseWatchTest" */;
			buildPhases = (
				4F0829C21E588AEE0049E1D0 /* Sources */,
				4F0829C31E588AEE0049E1D0 /* Frameworks */,
				4F0829C41E588AEE0049E1D0 /* Resources */,
				4F082A071E588AEF0049E1D0 /* Embed Watch Content */,
			);
			buildRules = (
			);
			dependencies = (
				4F0829E61E588AEE0049E1D0 /* PBXTargetDependency */,
			);
			name = AWSenseWatchTest;
			productName = AWSenseWatchTest;
			productReference = 4F0829C61E588AEE0049E1D0 /* AWSenseWatchTest.app */;
			productType = "com.apple.product-type.application";
		};
		4F0829D91E588AEE0049E1D0 /* AWSenseWatchTestTests */ = {
			isa = PBXNativeTarget;
			buildConfigurationList = 4F082A0B1E588AEF0049E1D0 /* Build configuration list for PBXNativeTarget "AWSenseWatchTestTests" */;
			buildPhases = (
				4F0829D61E588AEE0049E1D0 /* Sources */,
				4F0829D71E588AEE0049E1D0 /* Frameworks */,
				4F0829D81E588AEE0049E1D0 /* Resources */,
			);
			buildRules = (
			);
			dependencies = (
				4F0829DC1E588AEE0049E1D0 /* PBXTargetDependency */,
			);
			name = AWSenseWatchTestTests;
			productName = AWSenseWatchTestTests;
			productReference = 4F0829DA1E588AEE0049E1D0 /* AWSenseWatchTestTests.xctest */;
			productType = "com.apple.product-type.bundle.unit-test";
		};
		4F0829E21E588AEE0049E1D0 /* AWSenseWatchTest WatchKit App */ = {
			isa = PBXNativeTarget;
			buildConfigurationList = 4F082A041E588AEF0049E1D0 /* Build configuration list for PBXNativeTarget "AWSenseWatchTest WatchKit App" */;
			buildPhases = (
				4F0829E11E588AEE0049E1D0 /* Resources */,
				4F082A031E588AEF0049E1D0 /* Embed App Extensions */,
			);
			buildRules = (
			);
			dependencies = (
				4F0829F51E588AEF0049E1D0 /* PBXTargetDependency */,
			);
			name = "AWSenseWatchTest WatchKit App";
			productName = "AWSenseWatchTest WatchKit App";
			productReference = 4F0829E31E588AEE0049E1D0 /* AWSenseWatchTest WatchKit App.app */;
			productType = "com.apple.product-type.application.watchapp2";
		};
		4F0829F11E588AEF0049E1D0 /* AWSenseWatchTest WatchKit Extension */ = {
			isa = PBXNativeTarget;
			buildConfigurationList = 4F082A001E588AEF0049E1D0 /* Build configuration list for PBXNativeTarget "AWSenseWatchTest WatchKit Extension" */;
			buildPhases = (
				4F0829EE1E588AEF0049E1D0 /* Sources */,
				4F0829EF1E588AEF0049E1D0 /* Frameworks */,
				4F0829F01E588AEF0049E1D0 /* Resources */,
				4F9D93191E589E0D00860463 /* Embed Frameworks */,
			);
			buildRules = (
			);
			dependencies = (
			);
			name = "AWSenseWatchTest WatchKit Extension";
			productName = "AWSenseWatchTest WatchKit Extension";
			productReference = 4F0829F21E588AEF0049E1D0 /* AWSenseWatchTest WatchKit Extension.appex */;
			productType = "com.apple.product-type.watchkit2-extension";
		};
/* End PBXNativeTarget section */

/* Begin PBXProject section */
		4F0829BE1E588AEE0049E1D0 /* Project object */ = {
			isa = PBXProject;
			attributes = {
				LastSwiftUpdateCheck = 0820;
				LastUpgradeCheck = 0820;
				ORGANIZATIONNAME = QMUL;
				TargetAttributes = {
					4F0829C51E588AEE0049E1D0 = {
						CreatedOnToolsVersion = 8.2.1;
						DevelopmentTeam = G6ZDR46H87;
						ProvisioningStyle = Automatic;
						SystemCapabilities = {
							com.apple.HealthKit = {
								enabled = 1;
							};
						};
					};
					4F0829D91E588AEE0049E1D0 = {
						CreatedOnToolsVersion = 8.2.1;
						DevelopmentTeam = G6ZDR46H87;
						ProvisioningStyle = Automatic;
						TestTargetID = 4F0829C51E588AEE0049E1D0;
					};
					4F0829E21E588AEE0049E1D0 = {
						CreatedOnToolsVersion = 8.2.1;
						DevelopmentTeam = G6ZDR46H87;
						ProvisioningStyle = Automatic;
					};
					4F0829F11E588AEF0049E1D0 = {
						CreatedOnToolsVersion = 8.2.1;
						DevelopmentTeam = G6ZDR46H87;
						ProvisioningStyle = Automatic;
						SystemCapabilities = {
							com.apple.HealthKit.watchos = {
								enabled = 1;
							};
						};
					};
				};
			};
			buildConfigurationList = 4F0829C11E588AEE0049E1D0 /* Build configuration list for PBXProject "AWSenseWatchTest" */;
			compatibilityVersion = "Xcode 3.2";
			developmentRegion = English;
			hasScannedForEncodings = 0;
			knownRegions = (
				en,
				Base,
			);
			mainGroup = 4F0829BD1E588AEE0049E1D0;
			productRefGroup = 4F0829C71E588AEE0049E1D0 /* Products */;
			projectDirPath = "";
			projectRoot = "";
			targets = (
				4F0829C51E588AEE0049E1D0 /* AWSenseWatchTest */,
				4F0829E21E588AEE0049E1D0 /* AWSenseWatchTest WatchKit App */,
				4F0829F11E588AEF0049E1D0 /* AWSenseWatchTest WatchKit Extension */,
				4F0829D91E588AEE0049E1D0 /* AWSenseWatchTestTests */,
			);
		};
/* End PBXProject section */

/* Begin PBXResourcesBuildPhase section */
		4F0829C41E588AEE0049E1D0 /* Resources */ = {
			isa = PBXResourcesBuildPhase;
			buildActionMask = 2147483647;
			files = (
				4F0829D41E588AEE0049E1D0 /* LaunchScreen.storyboard in Resources */,
				4F0829D11E588AEE0049E1D0 /* Assets.xcassets in Resources */,
				4F0829CF1E588AEE0049E1D0 /* Main.storyboard in Resources */,
			);
			runOnlyForDeploymentPostprocessing = 0;
		};
		4F0829D81E588AEE0049E1D0 /* Resources */ = {
			isa = PBXResourcesBuildPhase;
			buildActionMask = 2147483647;
			files = (
			);
			runOnlyForDeploymentPostprocessing = 0;
		};
		4F0829E11E588AEE0049E1D0 /* Resources */ = {
			isa = PBXResourcesBuildPhase;
			buildActionMask = 2147483647;
			files = (
				4F0829EC1E588AEE0049E1D0 /* Assets.xcassets in Resources */,
				4F0829EA1E588AEE0049E1D0 /* Interface.storyboard in Resources */,
			);
			runOnlyForDeploymentPostprocessing = 0;
		};
		4F0829F01E588AEF0049E1D0 /* Resources */ = {
			isa = PBXResourcesBuildPhase;
			buildActionMask = 2147483647;
			files = (
				4F0829FC1E588AEF0049E1D0 /* Assets.xcassets in Resources */,
			);
			runOnlyForDeploymentPostprocessing = 0;
		};
/* End PBXResourcesBuildPhase section */

/* Begin PBXSourcesBuildPhase section */
		4F0829C21E588AEE0049E1D0 /* Sources */ = {
			isa = PBXSourcesBuildPhase;
			buildActionMask = 2147483647;
			files = (
				4F0829CC1E588AEE0049E1D0 /* ViewController.swift in Sources */,
				4F0829CA1E588AEE0049E1D0 /* AppDelegate.swift in Sources */,
			);
			runOnlyForDeploymentPostprocessing = 0;
		};
		4F0829D61E588AEE0049E1D0 /* Sources */ = {
			isa = PBXSourcesBuildPhase;
			buildActionMask = 2147483647;
			files = (
				4F0829DF1E588AEE0049E1D0 /* AWSenseWatchTestTests.swift in Sources */,
			);
			runOnlyForDeploymentPostprocessing = 0;
		};
		4F0829EE1E588AEF0049E1D0 /* Sources */ = {
			isa = PBXSourcesBuildPhase;
			buildActionMask = 2147483647;
			files = (
				4F70C29A1E58E08E00271F4A /* ConfigurationInterfaceController.swift in Sources */,
				4F70C29C1E58E09C00271F4A /* SensingDataInterfaceController.swift in Sources */,
				4F0829FA1E588AEF0049E1D0 /* ExtensionDelegate.swift in Sources */,
				4F0829F81E588AEF0049E1D0 /* InterfaceController.swift in Sources */,
			);
			runOnlyForDeploymentPostprocessing = 0;
		};
/* End PBXSourcesBuildPhase section */

/* Begin PBXTargetDependency section */
		4F0829DC1E588AEE0049E1D0 /* PBXTargetDependency */ = {
			isa = PBXTargetDependency;
			target = 4F0829C51E588AEE0049E1D0 /* AWSenseWatchTest */;
			targetProxy = 4F0829DB1E588AEE0049E1D0 /* PBXContainerItemProxy */;
		};
		4F0829E61E588AEE0049E1D0 /* PBXTargetDependency */ = {
			isa = PBXTargetDependency;
			target = 4F0829E21E588AEE0049E1D0 /* AWSenseWatchTest WatchKit App */;
			targetProxy = 4F0829E51E588AEE0049E1D0 /* PBXContainerItemProxy */;
		};
		4F0829F51E588AEF0049E1D0 /* PBXTargetDependency */ = {
			isa = PBXTargetDependency;
			target = 4F0829F11E588AEF0049E1D0 /* AWSenseWatchTest WatchKit Extension */;
			targetProxy = 4F0829F41E588AEF0049E1D0 /* PBXContainerItemProxy */;
		};
/* End PBXTargetDependency section */

/* Begin PBXVariantGroup section */
		4F0829CD1E588AEE0049E1D0 /* Main.storyboard */ = {
			isa = PBXVariantGroup;
			children = (
				4F0829CE1E588AEE0049E1D0 /* Base */,
			);
			name = Main.storyboard;
			sourceTree = "<group>";
		};
		4F0829D21E588AEE0049E1D0 /* LaunchScreen.storyboard */ = {
			isa = PBXVariantGroup;
			children = (
				4F0829D31E588AEE0049E1D0 /* Base */,
			);
			name = LaunchScreen.storyboard;
			sourceTree = "<group>";
		};
		4F0829E81E588AEE0049E1D0 /* Interface.storyboard */ = {
			isa = PBXVariantGroup;
			children = (
				4F0829E91E588AEE0049E1D0 /* Base */,
			);
			name = Interface.storyboard;
			sourceTree = "<group>";
		};
/* End PBXVariantGroup section */

/* Begin XCBuildConfiguration section */
		4F0829FE1E588AEF0049E1D0 /* Debug */ = {
			isa = XCBuildConfiguration;
			buildSettings = {
				ALWAYS_SEARCH_USER_PATHS = NO;
				CLANG_ANALYZER_NONNULL = YES;
				CLANG_CXX_LANGUAGE_STANDARD = "gnu++0x";
				CLANG_CXX_LIBRARY = "libc++";
				CLANG_ENABLE_MODULES = YES;
				CLANG_ENABLE_OBJC_ARC = YES;
				CLANG_WARN_BOOL_CONVERSION = YES;
				CLANG_WARN_CONSTANT_CONVERSION = YES;
				CLANG_WARN_DIRECT_OBJC_ISA_USAGE = YES_ERROR;
				CLANG_WARN_DOCUMENTATION_COMMENTS = YES;
				CLANG_WARN_EMPTY_BODY = YES;
				CLANG_WARN_ENUM_CONVERSION = YES;
				CLANG_WARN_INFINITE_RECURSION = YES;
				CLANG_WARN_INT_CONVERSION = YES;
				CLANG_WARN_OBJC_ROOT_CLASS = YES_ERROR;
				CLANG_WARN_SUSPICIOUS_MOVE = YES;
				CLANG_WARN_UNREACHABLE_CODE = YES;
				CLANG_WARN__DUPLICATE_METHOD_MATCH = YES;
				"CODE_SIGN_IDENTITY[sdk=iphoneos*]" = "iPhone Developer";
				COPY_PHASE_STRIP = NO;
				DEBUG_INFORMATION_FORMAT = dwarf;
				ENABLE_STRICT_OBJC_MSGSEND = YES;
				ENABLE_TESTABILITY = YES;
				GCC_C_LANGUAGE_STANDARD = gnu99;
				GCC_DYNAMIC_NO_PIC = NO;
				GCC_NO_COMMON_BLOCKS = YES;
				GCC_OPTIMIZATION_LEVEL = 0;
				GCC_PREPROCESSOR_DEFINITIONS = (
					"DEBUG=1",
					"$(inherited)",
				);
				GCC_WARN_64_TO_32_BIT_CONVERSION = YES;
				GCC_WARN_ABOUT_RETURN_TYPE = YES_ERROR;
				GCC_WARN_UNDECLARED_SELECTOR = YES;
				GCC_WARN_UNINITIALIZED_AUTOS = YES_AGGRESSIVE;
				GCC_WARN_UNUSED_FUNCTION = YES;
				GCC_WARN_UNUSED_VARIABLE = YES;
				IPHONEOS_DEPLOYMENT_TARGET = 10.2;
				MTL_ENABLE_DEBUG_INFO = YES;
				ONLY_ACTIVE_ARCH = YES;
				SDKROOT = iphoneos;
				SWIFT_ACTIVE_COMPILATION_CONDITIONS = DEBUG;
				SWIFT_OPTIMIZATION_LEVEL = "-Onone";
			};
			name = Debug;
		};
		4F0829FF1E588AEF0049E1D0 /* Release */ = {
			isa = XCBuildConfiguration;
			buildSettings = {
				ALWAYS_SEARCH_USER_PATHS = NO;
				CLANG_ANALYZER_NONNULL = YES;
				CLANG_CXX_LANGUAGE_STANDARD = "gnu++0x";
				CLANG_CXX_LIBRARY = "libc++";
				CLANG_ENABLE_MODULES = YES;
				CLANG_ENABLE_OBJC_ARC = YES;
				CLANG_WARN_BOOL_CONVERSION = YES;
				CLANG_WARN_CONSTANT_CONVERSION = YES;
				CLANG_WARN_DIRECT_OBJC_ISA_USAGE = YES_ERROR;
				CLANG_WARN_DOCUMENTATION_COMMENTS = YES;
				CLANG_WARN_EMPTY_BODY = YES;
				CLANG_WARN_ENUM_CONVERSION = YES;
				CLANG_WARN_INFINITE_RECURSION = YES;
				CLANG_WARN_INT_CONVERSION = YES;
				CLANG_WARN_OBJC_ROOT_CLASS = YES_ERROR;
				CLANG_WARN_SUSPICIOUS_MOVE = YES;
				CLANG_WARN_UNREACHABLE_CODE = YES;
				CLANG_WARN__DUPLICATE_METHOD_MATCH = YES;
				"CODE_SIGN_IDENTITY[sdk=iphoneos*]" = "iPhone Developer";
				COPY_PHASE_STRIP = NO;
				DEBUG_INFORMATION_FORMAT = "dwarf-with-dsym";
				ENABLE_NS_ASSERTIONS = NO;
				ENABLE_STRICT_OBJC_MSGSEND = YES;
				GCC_C_LANGUAGE_STANDARD = gnu99;
				GCC_NO_COMMON_BLOCKS = YES;
				GCC_WARN_64_TO_32_BIT_CONVERSION = YES;
				GCC_WARN_ABOUT_RETURN_TYPE = YES_ERROR;
				GCC_WARN_UNDECLARED_SELECTOR = YES;
				GCC_WARN_UNINITIALIZED_AUTOS = YES_AGGRESSIVE;
				GCC_WARN_UNUSED_FUNCTION = YES;
				GCC_WARN_UNUSED_VARIABLE = YES;
				IPHONEOS_DEPLOYMENT_TARGET = 10.2;
				MTL_ENABLE_DEBUG_INFO = NO;
				SDKROOT = iphoneos;
				SWIFT_OPTIMIZATION_LEVEL = "-Owholemodule";
				VALIDATE_PRODUCT = YES;
			};
			name = Release;
		};
		4F082A011E588AEF0049E1D0 /* Debug */ = {
			isa = XCBuildConfiguration;
			buildSettings = {
				ASSETCATALOG_COMPILER_COMPLICATION_NAME = Complication;
				CODE_SIGN_ENTITLEMENTS = "AWSenseWatchTest WatchKit Extension/AWSenseWatchTest WatchKit Extension.entitlements";
				DEVELOPMENT_TEAM = G6ZDR46H87;
				INFOPLIST_FILE = "AWSenseWatchTest WatchKit Extension/Info.plist";
				LD_RUNPATH_SEARCH_PATHS = "$(inherited) @executable_path/Frameworks @executable_path/../../Frameworks";
				PRODUCT_BUNDLE_IDENTIFIER = uk.ac.qmul.khansel.AWSenseWatchTest.watchkitapp.watchkitextension;
				PRODUCT_NAME = "${TARGET_NAME}";
				SDKROOT = watchos;
				SKIP_INSTALL = YES;
				SWIFT_VERSION = 3.0;
				TARGETED_DEVICE_FAMILY = 4;
				WATCHOS_DEPLOYMENT_TARGET = 3.1;
			};
			name = Debug;
		};
		4F082A021E588AEF0049E1D0 /* Release */ = {
			isa = XCBuildConfiguration;
			buildSettings = {
				ASSETCATALOG_COMPILER_COMPLICATION_NAME = Complication;
				CODE_SIGN_ENTITLEMENTS = "AWSenseWatchTest WatchKit Extension/AWSenseWatchTest WatchKit Extension.entitlements";
				DEVELOPMENT_TEAM = G6ZDR46H87;
				INFOPLIST_FILE = "AWSenseWatchTest WatchKit Extension/Info.plist";
				LD_RUNPATH_SEARCH_PATHS = "$(inherited) @executable_path/Frameworks @executable_path/../../Frameworks";
				PRODUCT_BUNDLE_IDENTIFIER = uk.ac.qmul.khansel.AWSenseWatchTest.watchkitapp.watchkitextension;
				PRODUCT_NAME = "${TARGET_NAME}";
				SDKROOT = watchos;
				SKIP_INSTALL = YES;
				SWIFT_VERSION = 3.0;
				TARGETED_DEVICE_FAMILY = 4;
				WATCHOS_DEPLOYMENT_TARGET = 3.1;
			};
			name = Release;
		};
		4F082A051E588AEF0049E1D0 /* Debug */ = {
			isa = XCBuildConfiguration;
			buildSettings = {
				ALWAYS_EMBED_SWIFT_STANDARD_LIBRARIES = YES;
				ASSETCATALOG_COMPILER_APPICON_NAME = AppIcon;
				DEVELOPMENT_TEAM = G6ZDR46H87;
				IBSC_MODULE = AWSenseWatchTest_WatchKit_Extension;
				INFOPLIST_FILE = "AWSenseWatchTest WatchKit App/Info.plist";
				PRODUCT_BUNDLE_IDENTIFIER = uk.ac.qmul.khansel.AWSenseWatchTest.watchkitapp;
				PRODUCT_NAME = "$(TARGET_NAME)";
				SDKROOT = watchos;
				SKIP_INSTALL = YES;
				SWIFT_VERSION = 3.0;
				TARGETED_DEVICE_FAMILY = 4;
				WATCHOS_DEPLOYMENT_TARGET = 3.0;
			};
			name = Debug;
		};
		4F082A061E588AEF0049E1D0 /* Release */ = {
			isa = XCBuildConfiguration;
			buildSettings = {
				ALWAYS_EMBED_SWIFT_STANDARD_LIBRARIES = YES;
				ASSETCATALOG_COMPILER_APPICON_NAME = AppIcon;
				DEVELOPMENT_TEAM = G6ZDR46H87;
				IBSC_MODULE = AWSenseWatchTest_WatchKit_Extension;
				INFOPLIST_FILE = "AWSenseWatchTest WatchKit App/Info.plist";
				PRODUCT_BUNDLE_IDENTIFIER = uk.ac.qmul.khansel.AWSenseWatchTest.watchkitapp;
				PRODUCT_NAME = "$(TARGET_NAME)";
				SDKROOT = watchos;
				SKIP_INSTALL = YES;
				SWIFT_VERSION = 3.0;
				TARGETED_DEVICE_FAMILY = 4;
				WATCHOS_DEPLOYMENT_TARGET = 3.0;
			};
			name = Release;
		};
		4F082A091E588AEF0049E1D0 /* Debug */ = {
			isa = XCBuildConfiguration;
			buildSettings = {
				ASSETCATALOG_COMPILER_APPICON_NAME = AppIcon;
				CODE_SIGN_ENTITLEMENTS = AWSenseWatchTest/AWSenseWatchTest.entitlements;
				DEVELOPMENT_TEAM = G6ZDR46H87;
				INFOPLIST_FILE = AWSenseWatchTest/Info.plist;
				LD_RUNPATH_SEARCH_PATHS = "$(inherited) @executable_path/Frameworks";
				PRODUCT_BUNDLE_IDENTIFIER = uk.ac.qmul.khansel.AWSenseWatchTest;
				PRODUCT_NAME = "$(TARGET_NAME)";
				SWIFT_VERSION = 3.0;
			};
			name = Debug;
		};
		4F082A0A1E588AEF0049E1D0 /* Release */ = {
			isa = XCBuildConfiguration;
			buildSettings = {
				ASSETCATALOG_COMPILER_APPICON_NAME = AppIcon;
				CODE_SIGN_ENTITLEMENTS = AWSenseWatchTest/AWSenseWatchTest.entitlements;
				DEVELOPMENT_TEAM = G6ZDR46H87;
				INFOPLIST_FILE = AWSenseWatchTest/Info.plist;
				LD_RUNPATH_SEARCH_PATHS = "$(inherited) @executable_path/Frameworks";
				PRODUCT_BUNDLE_IDENTIFIER = uk.ac.qmul.khansel.AWSenseWatchTest;
				PRODUCT_NAME = "$(TARGET_NAME)";
				SWIFT_VERSION = 3.0;
			};
			name = Release;
		};
		4F082A0C1E588AEF0049E1D0 /* Debug */ = {
			isa = XCBuildConfiguration;
			buildSettings = {
				ALWAYS_EMBED_SWIFT_STANDARD_LIBRARIES = YES;
				BUNDLE_LOADER = "$(TEST_HOST)";
				DEVELOPMENT_TEAM = G6ZDR46H87;
				INFOPLIST_FILE = AWSenseWatchTestTests/Info.plist;
				LD_RUNPATH_SEARCH_PATHS = "$(inherited) @executable_path/Frameworks @loader_path/Frameworks";
				PRODUCT_BUNDLE_IDENTIFIER = uk.ac.qmul.khansel.AWSenseWatchTestTests;
				PRODUCT_NAME = "$(TARGET_NAME)";
				SWIFT_VERSION = 3.0;
				TEST_HOST = "$(BUILT_PRODUCTS_DIR)/AWSenseWatchTest.app/AWSenseWatchTest";
			};
			name = Debug;
		};
		4F082A0D1E588AEF0049E1D0 /* Release */ = {
			isa = XCBuildConfiguration;
			buildSettings = {
				ALWAYS_EMBED_SWIFT_STANDARD_LIBRARIES = YES;
				BUNDLE_LOADER = "$(TEST_HOST)";
				DEVELOPMENT_TEAM = G6ZDR46H87;
				INFOPLIST_FILE = AWSenseWatchTestTests/Info.plist;
				LD_RUNPATH_SEARCH_PATHS = "$(inherited) @executable_path/Frameworks @loader_path/Frameworks";
				PRODUCT_BUNDLE_IDENTIFIER = uk.ac.qmul.khansel.AWSenseWatchTestTests;
				PRODUCT_NAME = "$(TARGET_NAME)";
				SWIFT_VERSION = 3.0;
				TEST_HOST = "$(BUILT_PRODUCTS_DIR)/AWSenseWatchTest.app/AWSenseWatchTest";
			};
			name = Release;
		};
/* End XCBuildConfiguration section */

/* Begin XCConfigurationList section */
		4F0829C11E588AEE0049E1D0 /* Build configuration list for PBXProject "AWSenseWatchTest" */ = {
			isa = XCConfigurationList;
			buildConfigurations = (
				4F0829FE1E588AEF0049E1D0 /* Debug */,
				4F0829FF1E588AEF0049E1D0 /* Release */,
			);
			defaultConfigurationIsVisible = 0;
			defaultConfigurationName = Release;
		};
		4F082A001E588AEF0049E1D0 /* Build configuration list for PBXNativeTarget "AWSenseWatchTest WatchKit Extension" */ = {
			isa = XCConfigurationList;
			buildConfigurations = (
				4F082A011E588AEF0049E1D0 /* Debug */,
				4F082A021E588AEF0049E1D0 /* Release */,
			);
			defaultConfigurationIsVisible = 0;
			defaultConfigurationName = Release;
		};
		4F082A041E588AEF0049E1D0 /* Build configuration list for PBXNativeTarget "AWSenseWatchTest WatchKit App" */ = {
			isa = XCConfigurationList;
			buildConfigurations = (
				4F082A051E588AEF0049E1D0 /* Debug */,
				4F082A061E588AEF0049E1D0 /* Release */,
			);
			defaultConfigurationIsVisible = 0;
			defaultConfigurationName = Release;
		};
		4F082A081E588AEF0049E1D0 /* Build configuration list for PBXNativeTarget "AWSenseWatchTest" */ = {
			isa = XCConfigurationList;
			buildConfigurations = (
				4F082A091E588AEF0049E1D0 /* Debug */,
				4F082A0A1E588AEF0049E1D0 /* Release */,
			);
			defaultConfigurationIsVisible = 0;
			defaultConfigurationName = Release;
		};
		4F082A0B1E588AEF0049E1D0 /* Build configuration list for PBXNativeTarget "AWSenseWatchTestTests" */ = {
			isa = XCConfigurationList;
			buildConfigurations = (
				4F082A0C1E588AEF0049E1D0 /* Debug */,
				4F082A0D1E588AEF0049E1D0 /* Release */,
			);
			defaultConfigurationIsVisible = 0;
			defaultConfigurationName = Release;
		};
/* End XCConfigurationList section */
	};
	rootObject = 4F0829BE1E588AEE0049E1D0 /* Project object */;
}
